
Microsoft Visual Studio Solution File, Format Version 12.00
# Visual Studio Version 16
VisualStudioVersion = 16.0.30309.148
MinimumVisualStudioVersion = 10.0.40219.1
Project("{8BC9CEB8-8B4A-11D0-8D11-00A0C91BC942}") = "C2", "C2\C2.vcxproj", "{535AC82E-B45E-4135-ADEC-B6106437EF8F}"
EndProject
Project("{2150E333-8FDC-42A3-9474-1A3956D46DE8}") = "W1", "W1", "{FAEB4622-6290-49F7-B3DB-0D1C2B618A0A}"
EndProject
Project("{2150E333-8FDC-42A3-9474-1A3956D46DE8}") = "ProgrammingAssignments", "ProgrammingAssignments", "{CDF5DEFE-7E38-46A8-9585-CABC87178DF3}"
EndProject
Project("{8BC9CEB8-8B4A-11D0-8D11-00A0C91BC942}") = "PA1_MatrixAddition", "PA1_MatrixAddition\PA1_MatrixAddition.vcxproj", "{BB1B301D-4E81-4E49-A675-B8031B886A8A}"
EndProject
Project("{2150E333-8FDC-42A3-9474-1A3956D46DE8}") = "IntegerTypes", "IntegerTypes", "{D69FAC49-B25D-4FF7-B3C3-36BCA51B6588}"
EndProject
Project("{8BC9CEB8-8B4A-11D0-8D11-00A0C91BC942}") = "1_IntroductionToIntegerTypes", "1_IntroductionToIntegerTypes\1_IntroductionToIntegerTypes.vcxproj", "{40D9E8BF-68AB-46E6-893D-55EC4E4D687C}"
EndProject
Project("{8BC9CEB8-8B4A-11D0-8D11-00A0C91BC942}") = "2_IntegerTypesConversions", "2_IntegerTypesConversions\2_IntegerTypesConversions.vcxproj", "{9D9A07DB-F5FE-4FE7-A769-C3CE08B715BC}"
EndProject
Project("{8BC9CEB8-8B4A-11D0-8D11-00A0C91BC942}") = "3_SafeUsageOfIntegerTypes", "3_SafeUsageOfIntegerTypes\3_SafeUsageOfIntegerTypes.vcxproj", "{6BF33299-93A9-4289-B202-9A967D5EE61B}"
EndProject
Project("{8BC9CEB8-8B4A-11D0-8D11-00A0C91BC942}") = "4_EnumTypesAndSwithcOperator", "4_EnumTypesAndSwithcOperator\4_EnumTypesAndSwithcOperator.vcxproj", "{23D3BDD4-2BDC-4D65-AF42-3856C2DB1E8A}"
EndProject
Project("{8BC9CEB8-8B4A-11D0-8D11-00A0C91BC942}") = "PA2_AverageTemperature2", "PA2_AverageTemperature2\PA2_AverageTemperature2.vcxproj", "{39A5196F-6476-42DA-B368-DB631F63C812}"
EndProject
Project("{8BC9CEB8-8B4A-11D0-8D11-00A0C91BC942}") = "PA3_WeightOfBlocks", "PA3_WeightOfBlocks\PA3_WeightOfBlocks.vcxproj", "{F6AF460E-328C-4688-BEE5-7AE9CFE74705}"
EndProject
Project("{2150E333-8FDC-42A3-9474-1A3956D46DE8}") = "TuplesAndPairs", "TuplesAndPairs", "{0564137D-745C-433E-859E-F6FDDE84ECF3}"
EndProject
Project("{8BC9CEB8-8B4A-11D0-8D11-00A0C91BC942}") = "1_SimplifingComparisonOperator", "1_SimplifingComparisonOperator\1_SimplifingComparisonOperator.vcxproj", "{019A5F26-5D66-4E5C-AF5E-4845BFFDE51D}"
EndProject
Project("{8BC9CEB8-8B4A-11D0-8D11-00A0C91BC942}") = "2_TuplesAndPairs", "2_TuplesAndPairs\2_TuplesAndPairs.vcxproj", "{2CFBE474-2B17-4071-9246-69B07EE951E3}"
EndProject
Project("{8BC9CEB8-8B4A-11D0-8D11-00A0C91BC942}") = "3_ReturningSeveralValuesFromAFunction", "3_ReturningSeveralValuesFromAFunction\3_ReturningSeveralValuesFromAFunction.vcxproj", "{B9FC832F-F606-4B3D-BCF2-287DED1F844F}"
EndProject
Project("{8BC9CEB8-8B4A-11D0-8D11-00A0C91BC942}") = "PA4_BaseOfRegions", "PA4_BaseOfRegions\PA4_BaseOfRegions.vcxproj", "{236EC8AF-E426-41E7-B452-C971321338BD}"
EndProject
Project("{8BC9CEB8-8B4A-11D0-8D11-00A0C91BC942}") = "PA5_TaskTracker", "PA5_TaskTracker\PA5_TaskTracker.vcxproj", "{B3A1D1BB-BFE7-4726-86AE-BB097C2646BF}"
EndProject
Project("{2150E333-8FDC-42A3-9474-1A3956D46DE8}") = "FunctionTemplates", "FunctionTemplates", "{759F891B-042E-4BF0-977F-7722A2FE4285}"
EndProject
Project("{8BC9CEB8-8B4A-11D0-8D11-00A0C91BC942}") = "1_IntroductionToTemplates", "IntroductionToTemplates\IntroductionToTemplates.vcxproj", "{64807895-4CC1-40AA-A9C5-1413DD6DB331}"
EndProject
Project("{8BC9CEB8-8B4A-11D0-8D11-00A0C91BC942}") = "2_UniversalFunctionsForOutputingContainersIntoStream", "2_UniversalFunctionsForOutputingContainersIntoStream\2_UniversalFunctionsForOutputingContainersIntoStream.vcxproj", "{77100CC0-536F-4F53-AFE4-949DD595762C}"
EndProject
Project("{8BC9CEB8-8B4A-11D0-8D11-00A0C91BC942}") = "3_CodeRefactoringAndImprovingReadablitiy", "3_CodeRefactoringAndImprovingReadablitiy\3_CodeRefactoringAndImprovingReadablitiy.vcxproj", "{AD5CF966-EAD8-41D3-B688-47CB67E47D46}"
EndProject
Project("{8BC9CEB8-8B4A-11D0-8D11-00A0C91BC942}") = "4_SpecifyingTemplateTypeParameter", "4_SpecifyingTemplateTypeParameter\4_SpecifyingTemplateTypeParameter.vcxproj", "{8A92BB27-96D8-4121-8363-402F8C1471CC}"
EndProject
Project("{8BC9CEB8-8B4A-11D0-8D11-00A0C91BC942}") = "PA6_EverythingToSquare", "PA6_EverythingToSquare\PA6_EverythingToSquare.vcxproj", "{577560C7-478D-4436-BF1B-01D137E0F964}"
EndProject
Project("{8BC9CEB8-8B4A-11D0-8D11-00A0C91BC942}") = "PA7_ReferenceToElement", "PA7_ReferenceToElement\PA7_ReferenceToElement.vcxproj", "{AFB90936-0C15-4693-A3B8-AC5AA35D12DE}"
EndProject
Project("{2150E333-8FDC-42A3-9474-1A3956D46DE8}") = "W2", "W2", "{4BF2B86A-A13D-4559-BBA7-BAAF1AFEFD74}"
EndProject
Project("{2150E333-8FDC-42A3-9474-1A3956D46DE8}") = "UsingUnitTestsToDebugProgram", "UsingUnitTestsToDebugProgram", "{46BA8537-B9AF-47CD-806E-8925AACCBF25}"
EndProject
Project("{8BC9CEB8-8B4A-11D0-8D11-00A0C91BC942}") = "1_SynonymsTaskDecomposition", "W2\UsingUnitTestToDebugProgram\1_IntroductionToUnitTests\1_IntroductionToUnitTests.vcxproj", "{751CBF75-FE6B-414B-BC56-C27B65B2E1A4}"
EndProject
Project("{8BC9CEB8-8B4A-11D0-8D11-00A0C91BC942}") = "2_SimpliestWayToCreateUnitTestCpp", "W2\UsingUnitTestToDebugProgram\2_SimpliestWayToCreateUnitTestCpp\2_SimpliestWayToCreateUnitTestCpp.vcxproj", "{D1540D72-D5C6-4981-8467-DF9729C93C92}"
EndProject
Project("{8BC9CEB8-8B4A-11D0-8D11-00A0C91BC942}") = "3_DebuggingSynonymsTaskWithUnitTests", "W2\UsingUnitTestToDebugProgram\3_DebuggingSynonymsTaskWithUnitTests\3_DebuggingSynonymsTaskWithUnitTests.vcxproj", "{051B5769-6117-4811-8EB9-3121AC3426F3}"
EndProject
Project("{2150E333-8FDC-42A3-9474-1A3956D46DE8}") = "ProgrammingAssignments", "ProgrammingAssignments", "{0EAFFCC3-9E78-4BA0-B9D4-E60B4BE6D43C}"
EndProject
Project("{8BC9CEB8-8B4A-11D0-8D11-00A0C91BC942}") = "PA1_ProgramDecomposition", "W2\ProgrammingAssignments\PA1_ProgramDecomposition\PA1_ProgramDecomposition.vcxproj", "{D340F988-37E2-428A-836B-9646339FBAF5}"
EndProject
Project("{2150E333-8FDC-42A3-9474-1A3956D46DE8}") = "ImplementingUnitTestFrameworkStart", "ImplementingUnitTestFrameworkStart", "{2044AD1D-9F5E-4F4E-BE75-58CFC3D9EBF7}"
EndProject
Project("{8BC9CEB8-8B4A-11D0-8D11-00A0C91BC942}") = "1_ImprovingAssert", "W2\ImplementingUnitTestFrameworkStart\1_AnalyzingUnitTestFrameworkDisadvantages\1_AnalyzingUnitTestFrameworkDisadvantages.vcxproj", "{EA0744C1-140C-43AA-AF48-72CBF4B92F8D}"
EndProject
Project("{8BC9CEB8-8B4A-11D0-8D11-00A0C91BC942}") = "2_IntegratingAssertEqualToAllUnitTests", "W2\ImplementingUnitTestFrameworkStart\2_IntegratingAssertEqualToAllUnitTests\2_IntegratingAssertEqualToAllUnitTests.vcxproj", "{313E2A2B-5D89-479C-883C-A45A2F40BAB7}"
EndProject
Project("{8BC9CEB8-8B4A-11D0-8D11-00A0C91BC942}") = "3_IsolatingIndividualTestRunning", "W2\ImplementingUnitTestFrameworkStart\3_IsolatingIndividualTestRunning\3_IsolatingIndividualTestRunning.vcxproj", "{9A92BA62-8FB6-48DD-A52D-0BE9C09A2023}"
EndProject
Project("{2150E333-8FDC-42A3-9474-1A3956D46DE8}") = "ImplementingUnitTestFrameworkEnd", "ImplementingUnitTestFrameworkEnd", "{8A3EE3A4-9B97-49D2-A652-20C7AC2217AF}"
EndProject
Project("{8BC9CEB8-8B4A-11D0-8D11-00A0C91BC942}") = "1_GettingRidOfMixingTestAndMainProgram", "W2\ImplementingUnitTestFrameworkEnd\1_GettingRidOfMixingTestAndMainProgram\1_GettingRidOfMixingTestAndMainProgram.vcxproj", "{5D03F587-40D3-4A1D-8BB2-B19B005A1C30}"
EndProject
Project("{8BC9CEB8-8B4A-11D0-8D11-00A0C91BC942}") = "2_EnsuringRegularLaunchForUnitTests", "W2\ImplementingUnitTestFrameworkEnd\2_EnsuringRegularLaunchForUnitTests\2_EnsuringRegularLaunchForUnitTests.vcxproj", "{2191D1A2-F730-4CD8-8EE0-C76BBA089663}"
EndProject
Project("{8BC9CEB8-8B4A-11D0-8D11-00A0C91BC942}") = "PA2_GetDistinctRealRootCountTests", "W2\ProgrammingAssignments\PA2_GetDistinctRealRootCountTests\PA2_GetDistinctRealRootCountTests.vcxproj", "{265FC77D-5B13-4E2E-8F9E-6A5CF81F592B}"
EndProject
Project("{8BC9CEB8-8B4A-11D0-8D11-00A0C91BC942}") = "PA3_ClassPersonTests", "W2\ProgrammingAssignments\PA3_ClassPersonTests\PA3_ClassPersonTests.vcxproj", "{EDE65545-9406-40CA-9AA2-B4162F9FF946}"
EndProject
Project("{8BC9CEB8-8B4A-11D0-8D11-00A0C91BC942}") = "PA4_ClassRationalTests", "W2\ProgrammingAssignments\PA4_ClassRationalTests\PA4_ClassRationalTests.vcxproj", "{14B3174C-4971-44BE-8640-88D5D1E5CA65}"
EndProject
Project("{8BC9CEB8-8B4A-11D0-8D11-00A0C91BC942}") = "PA5_TestPalindromFunction", "W2\ProgrammingAssignments\PA5_TestPalindromFunction\PA5_TestPalindromFunction.vcxproj", "{36903498-662D-4030-A31D-02E7A1468283}"
EndProject
Project("{2150E333-8FDC-42A3-9474-1A3956D46DE8}") = "W3", "W3", "{2E5D8165-2BD4-4D61-8C28-1F9AF024E5FC}"
EndProject
Project("{2150E333-8FDC-42A3-9474-1A3956D46DE8}") = "HeaderFiles", "HeaderFiles", "{8A8956BB-E321-4FD8-AED5-60A7C9C70138}"
EndProject
Project("{2150E333-8FDC-42A3-9474-1A3956D46DE8}") = "ProgrammingAssignments", "ProgrammingAssignments", "{6317A3ED-1A1B-4006-A9F4-7D2D9BF6B9F7}"
EndProject
Project("{8BC9CEB8-8B4A-11D0-8D11-00A0C91BC942}") = "1_IntroductionToSeveralFilesDevelopmentOnSynonymsExample", "W3\HeaderFiles\1_IntroductionToSeveralFilesDevelopmentOnSynonymsExample\1_IntroductionToSeveralFilesDevelopmentOnSynonymsExample.vcxproj", "{85D3022B-6E11-44F1-B3EA-E8FBA56F629C}"
EndProject
Project("{8BC9CEB8-8B4A-11D0-8D11-00A0C91BC942}") = "2_EnsuringHeaderFilesIndependence", "W3\HeaderFiles\2_EnsuringHeaderFilesIndependence\2_EnsuringHeaderFilesIndependence.vcxproj", "{DC997332-EDCC-4A2D-9B90-8667EDF1423F}"
EndProject
Project("{8BC9CEB8-8B4A-11D0-8D11-00A0C91BC942}") = "3_DoubleIncludeTroubles", "W3\HeaderFiles\3_DoubleIncludeTroubles\3_DoubleIncludeTroubles.vcxproj", "{4567BCF6-376F-4739-98B3-7366478E5811}"
EndProject
Project("{2150E333-8FDC-42A3-9474-1A3956D46DE8}") = "MultiFileProjects", "MultiFileProjects", "{6A5BFC4F-15D9-4899-91D8-483D5CDBC8FA}"
EndProject
Project("{8BC9CEB8-8B4A-11D0-8D11-00A0C91BC942}") = "1_DeclarationAndDefinitionConcepts", "W3\MultiFileProjects\1_DeclarationAndDefinitionConcepts\1_DeclarationAndDefinitionConcepts.vcxproj", "{7C2DAAF9-2551-4588-8244-A3CF95320437}"
EndProject
Project("{8BC9CEB8-8B4A-11D0-8D11-00A0C91BC942}") = "2_MechanismOfBuildingMultifileProjects", "W3\MultiFileProjects\2_MechanismOfBuildingMultifileProjects\2_MechanismOfBuildingMultifileProjects.vcxproj", "{C07A3ADF-243E-4DD9-91B8-DE5E860E3FBC}"
EndProject
Project("{8BC9CEB8-8B4A-11D0-8D11-00A0C91BC942}") = "PA1_ImplementingFunctionsDeclaredInTheHeaderFile", "W3\ProgrammingAssignments\PA1_ImplementingFunctionsDeclaredInTheHeaderFile\PA1_ImplementingFunctionsDeclaredInTheHeaderFile.vcxproj", "{4866182B-8D6B-495B-B3D1-A95138702FDD}"
EndProject
Project("{8BC9CEB8-8B4A-11D0-8D11-00A0C91BC942}") = "PA2_ImplementClassDeclaredInTheHeaderFile", "W3\ProgrammingAssignments\PA2_ImplementClassDeclaredInTheHeaderFile\PA2_ImplementClassDeclaredInTheHeaderFile.vcxproj", "{20AD61AD-4CDF-4D86-8C46-25C231182545}"
EndProject
Project("{8BC9CEB8-8B4A-11D0-8D11-00A0C91BC942}") = "PA3_ImplementClassDeclaration", "W3\ProgrammingAssignments\PA3_ImplementClassDeclaration\PA3_ImplementClassDeclaration.vcxproj", "{2D6765AA-A7A1-4AEC-9CF7-E4A4EC6FDAD8}"
EndProject
Project("{8BC9CEB8-8B4A-11D0-8D11-00A0C91BC942}") = "PA4_ProgrammDecomposition2", "W3\ProgrammingAssignments\PA2_ProgrammDecomposition2\PA2_ProgrammDecomposition2.vcxproj", "{01AEAC2D-8FCD-4CC1-AF58-858B3F8F07B2}"
EndProject
Project("{2150E333-8FDC-42A3-9474-1A3956D46DE8}") = "W4", "W4", "{7FEF904F-70B5-4EEC-8B3C-E3876ADA8826}"
EndProject
Project("{2150E333-8FDC-42A3-9474-1A3956D46DE8}") = "ProgrammingAssignments", "ProgrammingAssignments", "{07B6197F-188B-4178-B5A7-3DB0E7D50224}"
EndProject
Project("{2150E333-8FDC-42A3-9474-1A3956D46DE8}") = "IntroToIterators", "IntroToIterators", "{ACB4A4A1-7CF4-4EDE-A6B2-FB11D09C2025}"
EndProject
Project("{8BC9CEB8-8B4A-11D0-8D11-00A0C91BC942}") = "1_IntroToIterators", "W4\IntroToIterators\1_IntroToIterators\1_IntroToIterators.vcxproj", "{7CE7A259-3912-4686-B198-94B9A4409889}"
EndProject
Project("{8BC9CEB8-8B4A-11D0-8D11-00A0C91BC942}") = "2_HalfIntervalIteratorsConception", "W4\IntroToIterators\2_HalfIntervalIteratorsConception\2_HalfIntervalIteratorsConception.vcxproj", "{59F8E645-F7D4-435C-88F1-A7DE6FFC0DB8}"
EndProject
Project("{8BC9CEB8-8B4A-11D0-8D11-00A0C91BC942}") = "3_SetAndMapIterators", "W4\IntroToIterators\3_SetAndMapIterators\3_SetAndMapIterators.vcxproj", "{1495DACA-FA3A-4EFF-9F3D-EA3A5383F10C}"
EndProject
Project("{8BC9CEB8-8B4A-11D0-8D11-00A0C91BC942}") = "4_AdvancedIterationsOverContainers", "W4\IntroToIterators\4_AdvancedIterationsOverContainers\4_AdvancedIterationsOverContainers.vcxproj", "{CAAC97CE-672A-4F5E-BA33-6706D6F752C4}"
EndProject
Project("{8BC9CEB8-8B4A-11D0-8D11-00A0C91BC942}") = "PA1_PartOfAVector", "W4\ProgrammingAssignments\PA1_PartOfAVector\PA1_PartOfAVector.vcxproj", "{E9A9C0CA-89DD-4FBC-9CA1-353ECA5785D1}"
EndProject
Project("{8BC9CEB8-8B4A-11D0-8D11-00A0C91BC942}") = "PA2_PartOfASet", "W4\ProgrammingAssignments\PA2_PartOfASet\PA2_PartOfASet.vcxproj", "{AE2FD9CF-AB4D-4FD6-B5C5-34D7A798BC48}"
EndProject
Project("{8BC9CEB8-8B4A-11D0-8D11-00A0C91BC942}") = "PA3_SplitIntoWords", "W4\ProgrammingAssignments\PA3_SplitIntoWords\PA3_SplitIntoWords.vcxproj", "{FCC983B1-4A40-491D-AF44-1177A8881F5A}"
EndProject
Project("{2150E333-8FDC-42A3-9474-1A3956D46DE8}") = "UsingIteratorsInContainerMethods", "UsingIteratorsInContainerMethods", "{9440D45A-F2EA-4EF7-B707-502C0E006175}"
EndProject
Project("{8BC9CEB8-8B4A-11D0-8D11-00A0C91BC942}") = "1_UsingIteratorsInContainerMethods", "W4\UsingIteratorsInContainerMethods\1_UsingIteratorsInContainerMethods\1_UsingIteratorsInContainerMethods.vcxproj", "{0B26E77F-D6BB-4906-99E7-700D7198FF77}"
EndProject
Project("{8BC9CEB8-8B4A-11D0-8D11-00A0C91BC942}") = "2_UsingIteratorsWithAlgorithms", "W4\UsingIteratorsInContainerMethods\2_UsingIteratorsWithAlgorithms\2_UsingIteratorsWithAlgorithms.vcxproj", "{44A49C06-A342-4339-BF5D-A67705FB5FA0}"
EndProject
Project("{8BC9CEB8-8B4A-11D0-8D11-00A0C91BC942}") = "3_ReverseIterators", "W4\UsingIteratorsInContainerMethods\3_ReverseIterators\3_ReverseIterators.vcxproj", "{3D1B042A-63FC-4D55-85CC-E37E96249B50}"
EndProject
Project("{8BC9CEB8-8B4A-11D0-8D11-00A0C91BC942}") = "4_AlgorithmsThatReturnSetOfElements", "W4\UsingIteratorsInContainerMethods\4_AlgorithmsThatReturnSetOfElements\4_AlgorithmsThatReturnSetOfElements.vcxproj", "{D6FC4188-1AAA-4ED5-8A6D-CE489B8241F0}"
EndProject
Project("{8BC9CEB8-8B4A-11D0-8D11-00A0C91BC942}") = "5_InserterAndBackInserterOperators", "W4\UsingIteratorsInContainerMethods\5_InserterAndBackInserterOperators\5_InserterAndBackInserterOperators.vcxproj", "{F9EC8214-B009-4B70-9255-217B6BCF9E9B}"
EndProject
Project("{8BC9CEB8-8B4A-11D0-8D11-00A0C91BC942}") = "6_DifferencesBetweenSetAndVectorIterators", "W4\UsingIteratorsInContainerMethods\6_DifferencesBetweenSetAndVectorIterators\6_DifferencesBetweenSetAndVectorIterators.vcxproj", "{3B85433A-DD6C-40BA-BE25-287E1F94BF31}"
EndProject
Project("{8BC9CEB8-8B4A-11D0-8D11-00A0C91BC942}") = "PA4_REmovingRepetitions", "W4\ProgrammingAssignments\PA4_REmovingRepetitions\PA4_REmovingRepetitions.vcxproj", "{452BD7F5-AD72-4A7D-9DC4-915E9BFD1AAB}"
EndProject
Project("{8BC9CEB8-8B4A-11D0-8D11-00A0C91BC942}") = "PA5_AllThePermutations", "W4\ProgrammingAssignments\PA5_AllThePermutations\PA5_AllThePermutations.vcxproj", "{9D5F78B0-73D5-473D-8DCF-F69143B05BE1}"
EndProject
Project("{8BC9CEB8-8B4A-11D0-8D11-00A0C91BC942}") = "PA6_DemographicalIndicators", "W4\ProgrammingAssignments\PA6_DemographicalIndicators\PA6_DemographicalIndicators.vcxproj", "{6C63FBFD-4583-494F-B2E4-F5869B6B890D}"
EndProject
Project("{8BC9CEB8-8B4A-11D0-8D11-00A0C91BC942}") = "PA7_MergeSortPart1", "W4\ProgrammingAssignments\PA7_MergeSortPart1\PA7_MergeSortPart1.vcxproj", "{24B62747-96FC-4B6B-8770-09509E115F1B}"
EndProject
Project("{8BC9CEB8-8B4A-11D0-8D11-00A0C91BC942}") = "PA8_MergeSortPart2", "W4\ProgrammingAssignments\PA8_MergeSortPart2\PA8_MergeSortPart2.vcxproj", "{A2D2C7AC-1FA0-4C0E-9BAD-888BBE137CF0}"
EndProject
Project("{2150E333-8FDC-42A3-9474-1A3956D46DE8}") = "StackQueueDeque", "StackQueueDeque", "{45D3B95A-1780-4544-8B85-489AE81A131D}"
EndProject
Project("{8BC9CEB8-8B4A-11D0-8D11-00A0C91BC942}") = "1_StackQueueDeque", "W4\StackQueueDeque\1_StackQueueDeque\1_StackQueueDeque.vcxproj", "{8E79F86E-8EEC-4531-A1A0-F0EAC62993C6}"
EndProject
Project("{8BC9CEB8-8B4A-11D0-8D11-00A0C91BC942}") = "2_SearchAlgorithms", "W4\StackQueueDeque\2_SearchAlgorithms\2_SearchAlgorithms.vcxproj", "{36D63F62-6170-4112-9E80-46FB53448239}"
EndProject
Project("{8BC9CEB8-8B4A-11D0-8D11-00A0C91BC942}") = "PA8_NearestElementSearch", "W4\ProgrammingAssignments\PA8_NearestElementSearch\PA8_NearestElementSearch.vcxproj", "{A6F7C58F-BD73-47C2-B164-D365AD955C4E}"
EndProject
Project("{8BC9CEB8-8B4A-11D0-8D11-00A0C91BC942}") = "PA9_NamesAndSurenames", "W4\ProgrammingAssignments\PA9_NamesAndSurenames\PA9_NamesAndSurenames.vcxproj", "{EDE75052-BD89-4ACA-BCB0-6EEF2F4134A7}"
EndProject
Project("{8BC9CEB8-8B4A-11D0-8D11-00A0C91BC942}") = "PA10_GroupingStringsByPrefix", "W4\ProgrammingAssignments\PA10_GroupingStringsByPrefix\PA10_GroupingStringsByPrefix.vcxproj", "{D1C2AC16-D0EE-4218-BAB9-722449686D31}"
EndProject
Project("{8BC9CEB8-8B4A-11D0-8D11-00A0C91BC942}") = "PA10_GroupingStringsByPrefixP2", "W4\ProgrammingAssignments\PA10_GroupingStringsByPrefixP2\PA10_GroupingStringsByPrefixP2.vcxproj", "{C1353002-3ED8-44A9-BAB2-D763EBCD2C31}"
EndProject
Project("{8BC9CEB8-8B4A-11D0-8D11-00A0C91BC942}") = "PA11_BuildingAriphmeticExpression", "W4\ProgrammingAssignments\PA11_BuildingAriphmeticExpression\PA11_BuildingAriphmeticExpression.vcxproj", "{E6653B27-294A-4AD5-9AC3-7C424DAEECA7}"
EndProject
Project("{8BC9CEB8-8B4A-11D0-8D11-00A0C91BC942}") = "PA11_BuildingAriphmeticExpressionP2", "W4\ProgrammingAssignments\PA11_BuildingAriphmeticExpressionP2\PA11_BuildingAriphmeticExpressionP2.vcxproj", "{CAAF13B2-D515-4EB1-BAB3-00D6D4789F81}"
EndProject
Project("{2150E333-8FDC-42A3-9474-1A3956D46DE8}") = "W5", "W5", "{4EDC5B6F-87E5-4CE8-AF8F-C61545146C11}"
EndProject
Project("{8BC9CEB8-8B4A-11D0-8D11-00A0C91BC942}") = "1_IntroToInheritance", "W5\Inheritance\1_IntroToInheritance\1_IntroToInheritance.vcxproj", "{52AF216C-F6BD-4B96-992A-12C2BA11DDAD}"
EndProject
Project("{8BC9CEB8-8B4A-11D0-8D11-00A0C91BC942}") = "2_AccessToTheClassFields_GettingToKnowInitializationLists", "W5\Inheritance\2_AccessToTheClassFields_GettingToKnowInitializationLists\2_AccessToTheClassFields_GettingToKnowInitializationLists.vcxproj", "{CEB3448F-159E-4D65-98CD-B394F0348772}"
EndProject
Project("{2150E333-8FDC-42A3-9474-1A3956D46DE8}") = "Inheritance", "Inheritance", "{38493CBD-4D79-4E34-AA10-F5BF19AEBD1E}"
EndProject
Project("{8BC9CEB8-8B4A-11D0-8D11-00A0C91BC942}") = "3_OrderOfConstructingClassInstances", "W5\Inheritance\3_OrderOfConstructingClassInstances\3_OrderOfConstructingClassInstances.vcxproj", "{CE236D27-E1CF-4E61-8F21-7D5A256117E9}"
EndProject
Project("{2150E333-8FDC-42A3-9474-1A3956D46DE8}") = "ProgrammingAssignments", "ProgrammingAssignments", "{34B6C7EC-8ED7-4184-8739-2F03F4C4C560}"
EndProject
Project("{8BC9CEB8-8B4A-11D0-8D11-00A0C91BC942}") = "PA1_HandmadeInheritance", "W5\ProgrammingAssignments\PA1_HandmadeInheritance\PA1_HandmadeInheritance.vcxproj", "{2810D75B-8CB0-49EA-A0CD-7F3CC7B73CC6}"
EndProject
Project("{2150E333-8FDC-42A3-9474-1A3956D46DE8}") = "Polymorphism", "Polymorphism", "{9ADC22ED-5A50-437D-B2BE-829E64B27B3B}"
EndProject
Project("{8BC9CEB8-8B4A-11D0-8D11-00A0C91BC942}") = "1_ClassSpecificCodeWorkUnification_DeterminingAProblem", "W5\Polymorphism\1_ClassSpecificCodeWorkUnification_DeterminingAProblem\1_ClassSpecificCodeWorkUnification_DeterminingAProblem.vcxproj", "{B4CE071C-84BA-4746-BE79-8B36EBBB26C4}"
EndProject
Project("{8BC9CEB8-8B4A-11D0-8D11-00A0C91BC942}") = "2_SolvingProblemsUsingVirtualMethods", "W5\Polymorphism\2_SolvingProblemsUsingVirtualMethods\2_SolvingProblemsUsingVirtualMethods.vcxproj", "{26CC6A2C-7BFE-4EEB-953B-85789D19FB2E}"
EndProject
Project("{8BC9CEB8-8B4A-11D0-8D11-00A0C91BC942}") = "3_VirtualMethodsProperties_AbstractClasses", "W5\Polymorphism\3_VirtualMethodsProperties_AbstractClasses\3_VirtualMethodsProperties_AbstractClasses.vcxproj", "{D0A77EEF-B9AD-4531-AF52-49795BB4482A}"
EndProject
Project("{8BC9CEB8-8B4A-11D0-8D11-00A0C91BC942}") = "4_VirtualMethodsAndPassingObjectsByReference", "W5\Polymorphism\4_VirtualMethodsAndPassingObjectsByReference\4_VirtualMethodsAndPassingObjectsByReference.vcxproj", "{BA78940C-7F80-4000-B033-6A50E37D4765}"
EndProject
Project("{8BC9CEB8-8B4A-11D0-8D11-00A0C91BC942}") = "5_StoringObjectsOfDifferentTypesUsing_shared_ptr", "W5\Polymorphism\5_StoringObjectsOfDifferentTypesUsing_shared_ptr\5_StoringObjectsOfDifferentTypesUsing_shared_ptr.vcxproj", "{2704C740-FA64-48CD-9256-D60724F6AEC1}"
EndProject
Project("{8BC9CEB8-8B4A-11D0-8D11-00A0C91BC942}") = "6_TaskOfParsingAriphmeticExpression_SolutionDescription", "W5\Polymorphism\6_TaskOfParsingAriphmeticExpression_SolutionDescription\6_TaskOfParsingAriphmeticExpression_SolutionDescription.vcxproj", "{49496851-3575-48C4-AADE-A9D2C9AD7F5C}"
EndProject
Project("{8BC9CEB8-8B4A-11D0-8D11-00A0C91BC942}") = "7_GeneralSolutionDescriptionForParser", "W5\Polymorphism\7_GeneralSolutionDescriptionForParser\7_GeneralSolutionDescriptionForParser.vcxproj", "{0BA19F0D-47B9-4B1E-9956-BC2DEB2800E4}"
EndProject
Project("{8BC9CEB8-8B4A-11D0-8D11-00A0C91BC942}") = "PA2_SendingNotifications", "W5\ProgrammingAssignments\PA2_SendingNotifications\PA2_SendingNotifications.vcxproj", "{0589D7C6-B307-4FAF-8230-55928AF2BBB6}"
EndProject
Project("{8BC9CEB8-8B4A-11D0-8D11-00A0C91BC942}") = "PA3_FiguresSet", "W5\ProgrammingAssignments\PA3_FiguresSet\PA3_FiguresSet.vcxproj", "{715B3FB2-AAED-4D0F-8F25-2F6352041486}"
EndProject
Project("{8BC9CEB8-8B4A-11D0-8D11-00A0C91BC942}") = "PA4_ProperCodeRefactoring", "W5\ProgrammingAssignments\PA4_ProperCodeRefactoring\PA4_ProperCodeRefactoring.vcxproj", "{8580AC6B-2BB9-4D59-8855-0EB72D8CBFFF}"
EndProject
Global
	GlobalSection(SolutionConfigurationPlatforms) = preSolution
		Debug|x64 = Debug|x64
		Debug|x86 = Debug|x86
		Release|x64 = Release|x64
		Release|x86 = Release|x86
	EndGlobalSection
	GlobalSection(ProjectConfigurationPlatforms) = postSolution
		{535AC82E-B45E-4135-ADEC-B6106437EF8F}.Debug|x64.ActiveCfg = Debug|x64
		{535AC82E-B45E-4135-ADEC-B6106437EF8F}.Debug|x64.Build.0 = Debug|x64
		{535AC82E-B45E-4135-ADEC-B6106437EF8F}.Debug|x86.ActiveCfg = Debug|Win32
		{535AC82E-B45E-4135-ADEC-B6106437EF8F}.Debug|x86.Build.0 = Debug|Win32
		{535AC82E-B45E-4135-ADEC-B6106437EF8F}.Release|x64.ActiveCfg = Release|x64
		{535AC82E-B45E-4135-ADEC-B6106437EF8F}.Release|x64.Build.0 = Release|x64
		{535AC82E-B45E-4135-ADEC-B6106437EF8F}.Release|x86.ActiveCfg = Release|Win32
		{535AC82E-B45E-4135-ADEC-B6106437EF8F}.Release|x86.Build.0 = Release|Win32
		{BB1B301D-4E81-4E49-A675-B8031B886A8A}.Debug|x64.ActiveCfg = Debug|x64
		{BB1B301D-4E81-4E49-A675-B8031B886A8A}.Debug|x64.Build.0 = Debug|x64
		{BB1B301D-4E81-4E49-A675-B8031B886A8A}.Debug|x86.ActiveCfg = Debug|Win32
		{BB1B301D-4E81-4E49-A675-B8031B886A8A}.Debug|x86.Build.0 = Debug|Win32
		{BB1B301D-4E81-4E49-A675-B8031B886A8A}.Release|x64.ActiveCfg = Release|x64
		{BB1B301D-4E81-4E49-A675-B8031B886A8A}.Release|x64.Build.0 = Release|x64
		{BB1B301D-4E81-4E49-A675-B8031B886A8A}.Release|x86.ActiveCfg = Release|Win32
		{BB1B301D-4E81-4E49-A675-B8031B886A8A}.Release|x86.Build.0 = Release|Win32
		{40D9E8BF-68AB-46E6-893D-55EC4E4D687C}.Debug|x64.ActiveCfg = Debug|x64
		{40D9E8BF-68AB-46E6-893D-55EC4E4D687C}.Debug|x64.Build.0 = Debug|x64
		{40D9E8BF-68AB-46E6-893D-55EC4E4D687C}.Debug|x86.ActiveCfg = Debug|Win32
		{40D9E8BF-68AB-46E6-893D-55EC4E4D687C}.Debug|x86.Build.0 = Debug|Win32
		{40D9E8BF-68AB-46E6-893D-55EC4E4D687C}.Release|x64.ActiveCfg = Release|x64
		{40D9E8BF-68AB-46E6-893D-55EC4E4D687C}.Release|x64.Build.0 = Release|x64
		{40D9E8BF-68AB-46E6-893D-55EC4E4D687C}.Release|x86.ActiveCfg = Release|Win32
		{40D9E8BF-68AB-46E6-893D-55EC4E4D687C}.Release|x86.Build.0 = Release|Win32
		{9D9A07DB-F5FE-4FE7-A769-C3CE08B715BC}.Debug|x64.ActiveCfg = Debug|x64
		{9D9A07DB-F5FE-4FE7-A769-C3CE08B715BC}.Debug|x64.Build.0 = Debug|x64
		{9D9A07DB-F5FE-4FE7-A769-C3CE08B715BC}.Debug|x86.ActiveCfg = Debug|Win32
		{9D9A07DB-F5FE-4FE7-A769-C3CE08B715BC}.Debug|x86.Build.0 = Debug|Win32
		{9D9A07DB-F5FE-4FE7-A769-C3CE08B715BC}.Release|x64.ActiveCfg = Release|x64
		{9D9A07DB-F5FE-4FE7-A769-C3CE08B715BC}.Release|x64.Build.0 = Release|x64
		{9D9A07DB-F5FE-4FE7-A769-C3CE08B715BC}.Release|x86.ActiveCfg = Release|Win32
		{9D9A07DB-F5FE-4FE7-A769-C3CE08B715BC}.Release|x86.Build.0 = Release|Win32
		{6BF33299-93A9-4289-B202-9A967D5EE61B}.Debug|x64.ActiveCfg = Debug|x64
		{6BF33299-93A9-4289-B202-9A967D5EE61B}.Debug|x64.Build.0 = Debug|x64
		{6BF33299-93A9-4289-B202-9A967D5EE61B}.Debug|x86.ActiveCfg = Debug|Win32
		{6BF33299-93A9-4289-B202-9A967D5EE61B}.Debug|x86.Build.0 = Debug|Win32
		{6BF33299-93A9-4289-B202-9A967D5EE61B}.Release|x64.ActiveCfg = Release|x64
		{6BF33299-93A9-4289-B202-9A967D5EE61B}.Release|x64.Build.0 = Release|x64
		{6BF33299-93A9-4289-B202-9A967D5EE61B}.Release|x86.ActiveCfg = Release|Win32
		{6BF33299-93A9-4289-B202-9A967D5EE61B}.Release|x86.Build.0 = Release|Win32
		{23D3BDD4-2BDC-4D65-AF42-3856C2DB1E8A}.Debug|x64.ActiveCfg = Debug|x64
		{23D3BDD4-2BDC-4D65-AF42-3856C2DB1E8A}.Debug|x64.Build.0 = Debug|x64
		{23D3BDD4-2BDC-4D65-AF42-3856C2DB1E8A}.Debug|x86.ActiveCfg = Debug|Win32
		{23D3BDD4-2BDC-4D65-AF42-3856C2DB1E8A}.Debug|x86.Build.0 = Debug|Win32
		{23D3BDD4-2BDC-4D65-AF42-3856C2DB1E8A}.Release|x64.ActiveCfg = Release|x64
		{23D3BDD4-2BDC-4D65-AF42-3856C2DB1E8A}.Release|x64.Build.0 = Release|x64
		{23D3BDD4-2BDC-4D65-AF42-3856C2DB1E8A}.Release|x86.ActiveCfg = Release|Win32
		{23D3BDD4-2BDC-4D65-AF42-3856C2DB1E8A}.Release|x86.Build.0 = Release|Win32
		{39A5196F-6476-42DA-B368-DB631F63C812}.Debug|x64.ActiveCfg = Debug|x64
		{39A5196F-6476-42DA-B368-DB631F63C812}.Debug|x64.Build.0 = Debug|x64
		{39A5196F-6476-42DA-B368-DB631F63C812}.Debug|x86.ActiveCfg = Debug|Win32
		{39A5196F-6476-42DA-B368-DB631F63C812}.Debug|x86.Build.0 = Debug|Win32
		{39A5196F-6476-42DA-B368-DB631F63C812}.Release|x64.ActiveCfg = Release|x64
		{39A5196F-6476-42DA-B368-DB631F63C812}.Release|x64.Build.0 = Release|x64
		{39A5196F-6476-42DA-B368-DB631F63C812}.Release|x86.ActiveCfg = Release|Win32
		{39A5196F-6476-42DA-B368-DB631F63C812}.Release|x86.Build.0 = Release|Win32
		{F6AF460E-328C-4688-BEE5-7AE9CFE74705}.Debug|x64.ActiveCfg = Debug|x64
		{F6AF460E-328C-4688-BEE5-7AE9CFE74705}.Debug|x64.Build.0 = Debug|x64
		{F6AF460E-328C-4688-BEE5-7AE9CFE74705}.Debug|x86.ActiveCfg = Debug|Win32
		{F6AF460E-328C-4688-BEE5-7AE9CFE74705}.Debug|x86.Build.0 = Debug|Win32
		{F6AF460E-328C-4688-BEE5-7AE9CFE74705}.Release|x64.ActiveCfg = Release|x64
		{F6AF460E-328C-4688-BEE5-7AE9CFE74705}.Release|x64.Build.0 = Release|x64
		{F6AF460E-328C-4688-BEE5-7AE9CFE74705}.Release|x86.ActiveCfg = Release|Win32
		{F6AF460E-328C-4688-BEE5-7AE9CFE74705}.Release|x86.Build.0 = Release|Win32
		{019A5F26-5D66-4E5C-AF5E-4845BFFDE51D}.Debug|x64.ActiveCfg = Debug|x64
		{019A5F26-5D66-4E5C-AF5E-4845BFFDE51D}.Debug|x64.Build.0 = Debug|x64
		{019A5F26-5D66-4E5C-AF5E-4845BFFDE51D}.Debug|x86.ActiveCfg = Debug|Win32
		{019A5F26-5D66-4E5C-AF5E-4845BFFDE51D}.Debug|x86.Build.0 = Debug|Win32
		{019A5F26-5D66-4E5C-AF5E-4845BFFDE51D}.Release|x64.ActiveCfg = Release|x64
		{019A5F26-5D66-4E5C-AF5E-4845BFFDE51D}.Release|x64.Build.0 = Release|x64
		{019A5F26-5D66-4E5C-AF5E-4845BFFDE51D}.Release|x86.ActiveCfg = Release|Win32
		{019A5F26-5D66-4E5C-AF5E-4845BFFDE51D}.Release|x86.Build.0 = Release|Win32
		{2CFBE474-2B17-4071-9246-69B07EE951E3}.Debug|x64.ActiveCfg = Debug|x64
		{2CFBE474-2B17-4071-9246-69B07EE951E3}.Debug|x64.Build.0 = Debug|x64
		{2CFBE474-2B17-4071-9246-69B07EE951E3}.Debug|x86.ActiveCfg = Debug|Win32
		{2CFBE474-2B17-4071-9246-69B07EE951E3}.Debug|x86.Build.0 = Debug|Win32
		{2CFBE474-2B17-4071-9246-69B07EE951E3}.Release|x64.ActiveCfg = Release|x64
		{2CFBE474-2B17-4071-9246-69B07EE951E3}.Release|x64.Build.0 = Release|x64
		{2CFBE474-2B17-4071-9246-69B07EE951E3}.Release|x86.ActiveCfg = Release|Win32
		{2CFBE474-2B17-4071-9246-69B07EE951E3}.Release|x86.Build.0 = Release|Win32
		{B9FC832F-F606-4B3D-BCF2-287DED1F844F}.Debug|x64.ActiveCfg = Debug|x64
		{B9FC832F-F606-4B3D-BCF2-287DED1F844F}.Debug|x64.Build.0 = Debug|x64
		{B9FC832F-F606-4B3D-BCF2-287DED1F844F}.Debug|x86.ActiveCfg = Debug|Win32
		{B9FC832F-F606-4B3D-BCF2-287DED1F844F}.Debug|x86.Build.0 = Debug|Win32
		{B9FC832F-F606-4B3D-BCF2-287DED1F844F}.Release|x64.ActiveCfg = Release|x64
		{B9FC832F-F606-4B3D-BCF2-287DED1F844F}.Release|x64.Build.0 = Release|x64
		{B9FC832F-F606-4B3D-BCF2-287DED1F844F}.Release|x86.ActiveCfg = Release|Win32
		{B9FC832F-F606-4B3D-BCF2-287DED1F844F}.Release|x86.Build.0 = Release|Win32
		{236EC8AF-E426-41E7-B452-C971321338BD}.Debug|x64.ActiveCfg = Debug|x64
		{236EC8AF-E426-41E7-B452-C971321338BD}.Debug|x64.Build.0 = Debug|x64
		{236EC8AF-E426-41E7-B452-C971321338BD}.Debug|x86.ActiveCfg = Debug|Win32
		{236EC8AF-E426-41E7-B452-C971321338BD}.Debug|x86.Build.0 = Debug|Win32
		{236EC8AF-E426-41E7-B452-C971321338BD}.Release|x64.ActiveCfg = Release|x64
		{236EC8AF-E426-41E7-B452-C971321338BD}.Release|x64.Build.0 = Release|x64
		{236EC8AF-E426-41E7-B452-C971321338BD}.Release|x86.ActiveCfg = Release|Win32
		{236EC8AF-E426-41E7-B452-C971321338BD}.Release|x86.Build.0 = Release|Win32
		{B3A1D1BB-BFE7-4726-86AE-BB097C2646BF}.Debug|x64.ActiveCfg = Debug|x64
		{B3A1D1BB-BFE7-4726-86AE-BB097C2646BF}.Debug|x64.Build.0 = Debug|x64
		{B3A1D1BB-BFE7-4726-86AE-BB097C2646BF}.Debug|x86.ActiveCfg = Debug|Win32
		{B3A1D1BB-BFE7-4726-86AE-BB097C2646BF}.Debug|x86.Build.0 = Debug|Win32
		{B3A1D1BB-BFE7-4726-86AE-BB097C2646BF}.Release|x64.ActiveCfg = Release|x64
		{B3A1D1BB-BFE7-4726-86AE-BB097C2646BF}.Release|x64.Build.0 = Release|x64
		{B3A1D1BB-BFE7-4726-86AE-BB097C2646BF}.Release|x86.ActiveCfg = Release|Win32
		{B3A1D1BB-BFE7-4726-86AE-BB097C2646BF}.Release|x86.Build.0 = Release|Win32
		{64807895-4CC1-40AA-A9C5-1413DD6DB331}.Debug|x64.ActiveCfg = Debug|x64
		{64807895-4CC1-40AA-A9C5-1413DD6DB331}.Debug|x64.Build.0 = Debug|x64
		{64807895-4CC1-40AA-A9C5-1413DD6DB331}.Debug|x86.ActiveCfg = Debug|Win32
		{64807895-4CC1-40AA-A9C5-1413DD6DB331}.Debug|x86.Build.0 = Debug|Win32
		{64807895-4CC1-40AA-A9C5-1413DD6DB331}.Release|x64.ActiveCfg = Release|x64
		{64807895-4CC1-40AA-A9C5-1413DD6DB331}.Release|x64.Build.0 = Release|x64
		{64807895-4CC1-40AA-A9C5-1413DD6DB331}.Release|x86.ActiveCfg = Release|Win32
		{64807895-4CC1-40AA-A9C5-1413DD6DB331}.Release|x86.Build.0 = Release|Win32
		{77100CC0-536F-4F53-AFE4-949DD595762C}.Debug|x64.ActiveCfg = Debug|x64
		{77100CC0-536F-4F53-AFE4-949DD595762C}.Debug|x64.Build.0 = Debug|x64
		{77100CC0-536F-4F53-AFE4-949DD595762C}.Debug|x86.ActiveCfg = Debug|Win32
		{77100CC0-536F-4F53-AFE4-949DD595762C}.Debug|x86.Build.0 = Debug|Win32
		{77100CC0-536F-4F53-AFE4-949DD595762C}.Release|x64.ActiveCfg = Release|x64
		{77100CC0-536F-4F53-AFE4-949DD595762C}.Release|x64.Build.0 = Release|x64
		{77100CC0-536F-4F53-AFE4-949DD595762C}.Release|x86.ActiveCfg = Release|Win32
		{77100CC0-536F-4F53-AFE4-949DD595762C}.Release|x86.Build.0 = Release|Win32
		{AD5CF966-EAD8-41D3-B688-47CB67E47D46}.Debug|x64.ActiveCfg = Debug|x64
		{AD5CF966-EAD8-41D3-B688-47CB67E47D46}.Debug|x64.Build.0 = Debug|x64
		{AD5CF966-EAD8-41D3-B688-47CB67E47D46}.Debug|x86.ActiveCfg = Debug|Win32
		{AD5CF966-EAD8-41D3-B688-47CB67E47D46}.Debug|x86.Build.0 = Debug|Win32
		{AD5CF966-EAD8-41D3-B688-47CB67E47D46}.Release|x64.ActiveCfg = Release|x64
		{AD5CF966-EAD8-41D3-B688-47CB67E47D46}.Release|x64.Build.0 = Release|x64
		{AD5CF966-EAD8-41D3-B688-47CB67E47D46}.Release|x86.ActiveCfg = Release|Win32
		{AD5CF966-EAD8-41D3-B688-47CB67E47D46}.Release|x86.Build.0 = Release|Win32
		{8A92BB27-96D8-4121-8363-402F8C1471CC}.Debug|x64.ActiveCfg = Debug|x64
		{8A92BB27-96D8-4121-8363-402F8C1471CC}.Debug|x64.Build.0 = Debug|x64
		{8A92BB27-96D8-4121-8363-402F8C1471CC}.Debug|x86.ActiveCfg = Debug|Win32
		{8A92BB27-96D8-4121-8363-402F8C1471CC}.Debug|x86.Build.0 = Debug|Win32
		{8A92BB27-96D8-4121-8363-402F8C1471CC}.Release|x64.ActiveCfg = Release|x64
		{8A92BB27-96D8-4121-8363-402F8C1471CC}.Release|x64.Build.0 = Release|x64
		{8A92BB27-96D8-4121-8363-402F8C1471CC}.Release|x86.ActiveCfg = Release|Win32
		{8A92BB27-96D8-4121-8363-402F8C1471CC}.Release|x86.Build.0 = Release|Win32
		{577560C7-478D-4436-BF1B-01D137E0F964}.Debug|x64.ActiveCfg = Debug|x64
		{577560C7-478D-4436-BF1B-01D137E0F964}.Debug|x64.Build.0 = Debug|x64
		{577560C7-478D-4436-BF1B-01D137E0F964}.Debug|x86.ActiveCfg = Debug|Win32
		{577560C7-478D-4436-BF1B-01D137E0F964}.Debug|x86.Build.0 = Debug|Win32
		{577560C7-478D-4436-BF1B-01D137E0F964}.Release|x64.ActiveCfg = Release|x64
		{577560C7-478D-4436-BF1B-01D137E0F964}.Release|x64.Build.0 = Release|x64
		{577560C7-478D-4436-BF1B-01D137E0F964}.Release|x86.ActiveCfg = Release|Win32
		{577560C7-478D-4436-BF1B-01D137E0F964}.Release|x86.Build.0 = Release|Win32
		{AFB90936-0C15-4693-A3B8-AC5AA35D12DE}.Debug|x64.ActiveCfg = Debug|x64
		{AFB90936-0C15-4693-A3B8-AC5AA35D12DE}.Debug|x64.Build.0 = Debug|x64
		{AFB90936-0C15-4693-A3B8-AC5AA35D12DE}.Debug|x86.ActiveCfg = Debug|Win32
		{AFB90936-0C15-4693-A3B8-AC5AA35D12DE}.Debug|x86.Build.0 = Debug|Win32
		{AFB90936-0C15-4693-A3B8-AC5AA35D12DE}.Release|x64.ActiveCfg = Release|x64
		{AFB90936-0C15-4693-A3B8-AC5AA35D12DE}.Release|x64.Build.0 = Release|x64
		{AFB90936-0C15-4693-A3B8-AC5AA35D12DE}.Release|x86.ActiveCfg = Release|Win32
		{AFB90936-0C15-4693-A3B8-AC5AA35D12DE}.Release|x86.Build.0 = Release|Win32
		{751CBF75-FE6B-414B-BC56-C27B65B2E1A4}.Debug|x64.ActiveCfg = Debug|x64
		{751CBF75-FE6B-414B-BC56-C27B65B2E1A4}.Debug|x64.Build.0 = Debug|x64
		{751CBF75-FE6B-414B-BC56-C27B65B2E1A4}.Debug|x86.ActiveCfg = Debug|Win32
		{751CBF75-FE6B-414B-BC56-C27B65B2E1A4}.Debug|x86.Build.0 = Debug|Win32
		{751CBF75-FE6B-414B-BC56-C27B65B2E1A4}.Release|x64.ActiveCfg = Release|x64
		{751CBF75-FE6B-414B-BC56-C27B65B2E1A4}.Release|x64.Build.0 = Release|x64
		{751CBF75-FE6B-414B-BC56-C27B65B2E1A4}.Release|x86.ActiveCfg = Release|Win32
		{751CBF75-FE6B-414B-BC56-C27B65B2E1A4}.Release|x86.Build.0 = Release|Win32
		{D1540D72-D5C6-4981-8467-DF9729C93C92}.Debug|x64.ActiveCfg = Debug|x64
		{D1540D72-D5C6-4981-8467-DF9729C93C92}.Debug|x64.Build.0 = Debug|x64
		{D1540D72-D5C6-4981-8467-DF9729C93C92}.Debug|x86.ActiveCfg = Debug|Win32
		{D1540D72-D5C6-4981-8467-DF9729C93C92}.Debug|x86.Build.0 = Debug|Win32
		{D1540D72-D5C6-4981-8467-DF9729C93C92}.Release|x64.ActiveCfg = Release|x64
		{D1540D72-D5C6-4981-8467-DF9729C93C92}.Release|x64.Build.0 = Release|x64
		{D1540D72-D5C6-4981-8467-DF9729C93C92}.Release|x86.ActiveCfg = Release|Win32
		{D1540D72-D5C6-4981-8467-DF9729C93C92}.Release|x86.Build.0 = Release|Win32
		{051B5769-6117-4811-8EB9-3121AC3426F3}.Debug|x64.ActiveCfg = Debug|x64
		{051B5769-6117-4811-8EB9-3121AC3426F3}.Debug|x64.Build.0 = Debug|x64
		{051B5769-6117-4811-8EB9-3121AC3426F3}.Debug|x86.ActiveCfg = Debug|Win32
		{051B5769-6117-4811-8EB9-3121AC3426F3}.Debug|x86.Build.0 = Debug|Win32
		{051B5769-6117-4811-8EB9-3121AC3426F3}.Release|x64.ActiveCfg = Release|x64
		{051B5769-6117-4811-8EB9-3121AC3426F3}.Release|x64.Build.0 = Release|x64
		{051B5769-6117-4811-8EB9-3121AC3426F3}.Release|x86.ActiveCfg = Release|Win32
		{051B5769-6117-4811-8EB9-3121AC3426F3}.Release|x86.Build.0 = Release|Win32
		{D340F988-37E2-428A-836B-9646339FBAF5}.Debug|x64.ActiveCfg = Debug|x64
		{D340F988-37E2-428A-836B-9646339FBAF5}.Debug|x64.Build.0 = Debug|x64
		{D340F988-37E2-428A-836B-9646339FBAF5}.Debug|x86.ActiveCfg = Debug|Win32
		{D340F988-37E2-428A-836B-9646339FBAF5}.Debug|x86.Build.0 = Debug|Win32
		{D340F988-37E2-428A-836B-9646339FBAF5}.Release|x64.ActiveCfg = Release|x64
		{D340F988-37E2-428A-836B-9646339FBAF5}.Release|x64.Build.0 = Release|x64
		{D340F988-37E2-428A-836B-9646339FBAF5}.Release|x86.ActiveCfg = Release|Win32
		{D340F988-37E2-428A-836B-9646339FBAF5}.Release|x86.Build.0 = Release|Win32
		{EA0744C1-140C-43AA-AF48-72CBF4B92F8D}.Debug|x64.ActiveCfg = Debug|x64
		{EA0744C1-140C-43AA-AF48-72CBF4B92F8D}.Debug|x64.Build.0 = Debug|x64
		{EA0744C1-140C-43AA-AF48-72CBF4B92F8D}.Debug|x86.ActiveCfg = Debug|Win32
		{EA0744C1-140C-43AA-AF48-72CBF4B92F8D}.Debug|x86.Build.0 = Debug|Win32
		{EA0744C1-140C-43AA-AF48-72CBF4B92F8D}.Release|x64.ActiveCfg = Release|x64
		{EA0744C1-140C-43AA-AF48-72CBF4B92F8D}.Release|x64.Build.0 = Release|x64
		{EA0744C1-140C-43AA-AF48-72CBF4B92F8D}.Release|x86.ActiveCfg = Release|Win32
		{EA0744C1-140C-43AA-AF48-72CBF4B92F8D}.Release|x86.Build.0 = Release|Win32
		{313E2A2B-5D89-479C-883C-A45A2F40BAB7}.Debug|x64.ActiveCfg = Debug|x64
		{313E2A2B-5D89-479C-883C-A45A2F40BAB7}.Debug|x64.Build.0 = Debug|x64
		{313E2A2B-5D89-479C-883C-A45A2F40BAB7}.Debug|x86.ActiveCfg = Debug|Win32
		{313E2A2B-5D89-479C-883C-A45A2F40BAB7}.Debug|x86.Build.0 = Debug|Win32
		{313E2A2B-5D89-479C-883C-A45A2F40BAB7}.Release|x64.ActiveCfg = Release|x64
		{313E2A2B-5D89-479C-883C-A45A2F40BAB7}.Release|x64.Build.0 = Release|x64
		{313E2A2B-5D89-479C-883C-A45A2F40BAB7}.Release|x86.ActiveCfg = Release|Win32
		{313E2A2B-5D89-479C-883C-A45A2F40BAB7}.Release|x86.Build.0 = Release|Win32
		{9A92BA62-8FB6-48DD-A52D-0BE9C09A2023}.Debug|x64.ActiveCfg = Debug|x64
		{9A92BA62-8FB6-48DD-A52D-0BE9C09A2023}.Debug|x64.Build.0 = Debug|x64
		{9A92BA62-8FB6-48DD-A52D-0BE9C09A2023}.Debug|x86.ActiveCfg = Debug|Win32
		{9A92BA62-8FB6-48DD-A52D-0BE9C09A2023}.Debug|x86.Build.0 = Debug|Win32
		{9A92BA62-8FB6-48DD-A52D-0BE9C09A2023}.Release|x64.ActiveCfg = Release|x64
		{9A92BA62-8FB6-48DD-A52D-0BE9C09A2023}.Release|x64.Build.0 = Release|x64
		{9A92BA62-8FB6-48DD-A52D-0BE9C09A2023}.Release|x86.ActiveCfg = Release|Win32
		{9A92BA62-8FB6-48DD-A52D-0BE9C09A2023}.Release|x86.Build.0 = Release|Win32
		{5D03F587-40D3-4A1D-8BB2-B19B005A1C30}.Debug|x64.ActiveCfg = Debug|x64
		{5D03F587-40D3-4A1D-8BB2-B19B005A1C30}.Debug|x64.Build.0 = Debug|x64
		{5D03F587-40D3-4A1D-8BB2-B19B005A1C30}.Debug|x86.ActiveCfg = Debug|Win32
		{5D03F587-40D3-4A1D-8BB2-B19B005A1C30}.Debug|x86.Build.0 = Debug|Win32
		{5D03F587-40D3-4A1D-8BB2-B19B005A1C30}.Release|x64.ActiveCfg = Release|x64
		{5D03F587-40D3-4A1D-8BB2-B19B005A1C30}.Release|x64.Build.0 = Release|x64
		{5D03F587-40D3-4A1D-8BB2-B19B005A1C30}.Release|x86.ActiveCfg = Release|Win32
		{5D03F587-40D3-4A1D-8BB2-B19B005A1C30}.Release|x86.Build.0 = Release|Win32
		{2191D1A2-F730-4CD8-8EE0-C76BBA089663}.Debug|x64.ActiveCfg = Debug|x64
		{2191D1A2-F730-4CD8-8EE0-C76BBA089663}.Debug|x64.Build.0 = Debug|x64
		{2191D1A2-F730-4CD8-8EE0-C76BBA089663}.Debug|x86.ActiveCfg = Debug|Win32
		{2191D1A2-F730-4CD8-8EE0-C76BBA089663}.Debug|x86.Build.0 = Debug|Win32
		{2191D1A2-F730-4CD8-8EE0-C76BBA089663}.Release|x64.ActiveCfg = Release|x64
		{2191D1A2-F730-4CD8-8EE0-C76BBA089663}.Release|x64.Build.0 = Release|x64
		{2191D1A2-F730-4CD8-8EE0-C76BBA089663}.Release|x86.ActiveCfg = Release|Win32
		{2191D1A2-F730-4CD8-8EE0-C76BBA089663}.Release|x86.Build.0 = Release|Win32
		{265FC77D-5B13-4E2E-8F9E-6A5CF81F592B}.Debug|x64.ActiveCfg = Debug|x64
		{265FC77D-5B13-4E2E-8F9E-6A5CF81F592B}.Debug|x64.Build.0 = Debug|x64
		{265FC77D-5B13-4E2E-8F9E-6A5CF81F592B}.Debug|x86.ActiveCfg = Debug|Win32
		{265FC77D-5B13-4E2E-8F9E-6A5CF81F592B}.Debug|x86.Build.0 = Debug|Win32
		{265FC77D-5B13-4E2E-8F9E-6A5CF81F592B}.Release|x64.ActiveCfg = Release|x64
		{265FC77D-5B13-4E2E-8F9E-6A5CF81F592B}.Release|x64.Build.0 = Release|x64
		{265FC77D-5B13-4E2E-8F9E-6A5CF81F592B}.Release|x86.ActiveCfg = Release|Win32
		{265FC77D-5B13-4E2E-8F9E-6A5CF81F592B}.Release|x86.Build.0 = Release|Win32
		{EDE65545-9406-40CA-9AA2-B4162F9FF946}.Debug|x64.ActiveCfg = Debug|x64
		{EDE65545-9406-40CA-9AA2-B4162F9FF946}.Debug|x64.Build.0 = Debug|x64
		{EDE65545-9406-40CA-9AA2-B4162F9FF946}.Debug|x86.ActiveCfg = Debug|Win32
		{EDE65545-9406-40CA-9AA2-B4162F9FF946}.Debug|x86.Build.0 = Debug|Win32
		{EDE65545-9406-40CA-9AA2-B4162F9FF946}.Release|x64.ActiveCfg = Release|x64
		{EDE65545-9406-40CA-9AA2-B4162F9FF946}.Release|x64.Build.0 = Release|x64
		{EDE65545-9406-40CA-9AA2-B4162F9FF946}.Release|x86.ActiveCfg = Release|Win32
		{EDE65545-9406-40CA-9AA2-B4162F9FF946}.Release|x86.Build.0 = Release|Win32
		{14B3174C-4971-44BE-8640-88D5D1E5CA65}.Debug|x64.ActiveCfg = Debug|x64
		{14B3174C-4971-44BE-8640-88D5D1E5CA65}.Debug|x64.Build.0 = Debug|x64
		{14B3174C-4971-44BE-8640-88D5D1E5CA65}.Debug|x86.ActiveCfg = Debug|Win32
		{14B3174C-4971-44BE-8640-88D5D1E5CA65}.Debug|x86.Build.0 = Debug|Win32
		{14B3174C-4971-44BE-8640-88D5D1E5CA65}.Release|x64.ActiveCfg = Release|x64
		{14B3174C-4971-44BE-8640-88D5D1E5CA65}.Release|x64.Build.0 = Release|x64
		{14B3174C-4971-44BE-8640-88D5D1E5CA65}.Release|x86.ActiveCfg = Release|Win32
		{14B3174C-4971-44BE-8640-88D5D1E5CA65}.Release|x86.Build.0 = Release|Win32
		{36903498-662D-4030-A31D-02E7A1468283}.Debug|x64.ActiveCfg = Debug|x64
		{36903498-662D-4030-A31D-02E7A1468283}.Debug|x64.Build.0 = Debug|x64
		{36903498-662D-4030-A31D-02E7A1468283}.Debug|x86.ActiveCfg = Debug|Win32
		{36903498-662D-4030-A31D-02E7A1468283}.Debug|x86.Build.0 = Debug|Win32
		{36903498-662D-4030-A31D-02E7A1468283}.Release|x64.ActiveCfg = Release|x64
		{36903498-662D-4030-A31D-02E7A1468283}.Release|x64.Build.0 = Release|x64
		{36903498-662D-4030-A31D-02E7A1468283}.Release|x86.ActiveCfg = Release|Win32
		{36903498-662D-4030-A31D-02E7A1468283}.Release|x86.Build.0 = Release|Win32
		{85D3022B-6E11-44F1-B3EA-E8FBA56F629C}.Debug|x64.ActiveCfg = Debug|x64
		{85D3022B-6E11-44F1-B3EA-E8FBA56F629C}.Debug|x64.Build.0 = Debug|x64
		{85D3022B-6E11-44F1-B3EA-E8FBA56F629C}.Debug|x86.ActiveCfg = Debug|Win32
		{85D3022B-6E11-44F1-B3EA-E8FBA56F629C}.Debug|x86.Build.0 = Debug|Win32
		{85D3022B-6E11-44F1-B3EA-E8FBA56F629C}.Release|x64.ActiveCfg = Release|x64
		{85D3022B-6E11-44F1-B3EA-E8FBA56F629C}.Release|x64.Build.0 = Release|x64
		{85D3022B-6E11-44F1-B3EA-E8FBA56F629C}.Release|x86.ActiveCfg = Release|Win32
		{85D3022B-6E11-44F1-B3EA-E8FBA56F629C}.Release|x86.Build.0 = Release|Win32
		{DC997332-EDCC-4A2D-9B90-8667EDF1423F}.Debug|x64.ActiveCfg = Debug|x64
		{DC997332-EDCC-4A2D-9B90-8667EDF1423F}.Debug|x64.Build.0 = Debug|x64
		{DC997332-EDCC-4A2D-9B90-8667EDF1423F}.Debug|x86.ActiveCfg = Debug|Win32
		{DC997332-EDCC-4A2D-9B90-8667EDF1423F}.Debug|x86.Build.0 = Debug|Win32
		{DC997332-EDCC-4A2D-9B90-8667EDF1423F}.Release|x64.ActiveCfg = Release|x64
		{DC997332-EDCC-4A2D-9B90-8667EDF1423F}.Release|x64.Build.0 = Release|x64
		{DC997332-EDCC-4A2D-9B90-8667EDF1423F}.Release|x86.ActiveCfg = Release|Win32
		{DC997332-EDCC-4A2D-9B90-8667EDF1423F}.Release|x86.Build.0 = Release|Win32
		{4567BCF6-376F-4739-98B3-7366478E5811}.Debug|x64.ActiveCfg = Debug|x64
		{4567BCF6-376F-4739-98B3-7366478E5811}.Debug|x64.Build.0 = Debug|x64
		{4567BCF6-376F-4739-98B3-7366478E5811}.Debug|x86.ActiveCfg = Debug|Win32
		{4567BCF6-376F-4739-98B3-7366478E5811}.Debug|x86.Build.0 = Debug|Win32
		{4567BCF6-376F-4739-98B3-7366478E5811}.Release|x64.ActiveCfg = Release|x64
		{4567BCF6-376F-4739-98B3-7366478E5811}.Release|x64.Build.0 = Release|x64
		{4567BCF6-376F-4739-98B3-7366478E5811}.Release|x86.ActiveCfg = Release|Win32
		{4567BCF6-376F-4739-98B3-7366478E5811}.Release|x86.Build.0 = Release|Win32
		{7C2DAAF9-2551-4588-8244-A3CF95320437}.Debug|x64.ActiveCfg = Debug|x64
		{7C2DAAF9-2551-4588-8244-A3CF95320437}.Debug|x64.Build.0 = Debug|x64
		{7C2DAAF9-2551-4588-8244-A3CF95320437}.Debug|x86.ActiveCfg = Debug|Win32
		{7C2DAAF9-2551-4588-8244-A3CF95320437}.Debug|x86.Build.0 = Debug|Win32
		{7C2DAAF9-2551-4588-8244-A3CF95320437}.Release|x64.ActiveCfg = Release|x64
		{7C2DAAF9-2551-4588-8244-A3CF95320437}.Release|x64.Build.0 = Release|x64
		{7C2DAAF9-2551-4588-8244-A3CF95320437}.Release|x86.ActiveCfg = Release|Win32
		{7C2DAAF9-2551-4588-8244-A3CF95320437}.Release|x86.Build.0 = Release|Win32
		{C07A3ADF-243E-4DD9-91B8-DE5E860E3FBC}.Debug|x64.ActiveCfg = Debug|x64
		{C07A3ADF-243E-4DD9-91B8-DE5E860E3FBC}.Debug|x64.Build.0 = Debug|x64
		{C07A3ADF-243E-4DD9-91B8-DE5E860E3FBC}.Debug|x86.ActiveCfg = Debug|Win32
		{C07A3ADF-243E-4DD9-91B8-DE5E860E3FBC}.Debug|x86.Build.0 = Debug|Win32
		{C07A3ADF-243E-4DD9-91B8-DE5E860E3FBC}.Release|x64.ActiveCfg = Release|x64
		{C07A3ADF-243E-4DD9-91B8-DE5E860E3FBC}.Release|x64.Build.0 = Release|x64
		{C07A3ADF-243E-4DD9-91B8-DE5E860E3FBC}.Release|x86.ActiveCfg = Release|Win32
		{C07A3ADF-243E-4DD9-91B8-DE5E860E3FBC}.Release|x86.Build.0 = Release|Win32
		{4866182B-8D6B-495B-B3D1-A95138702FDD}.Debug|x64.ActiveCfg = Debug|x64
		{4866182B-8D6B-495B-B3D1-A95138702FDD}.Debug|x64.Build.0 = Debug|x64
		{4866182B-8D6B-495B-B3D1-A95138702FDD}.Debug|x86.ActiveCfg = Debug|Win32
		{4866182B-8D6B-495B-B3D1-A95138702FDD}.Debug|x86.Build.0 = Debug|Win32
		{4866182B-8D6B-495B-B3D1-A95138702FDD}.Release|x64.ActiveCfg = Release|x64
		{4866182B-8D6B-495B-B3D1-A95138702FDD}.Release|x64.Build.0 = Release|x64
		{4866182B-8D6B-495B-B3D1-A95138702FDD}.Release|x86.ActiveCfg = Release|Win32
		{4866182B-8D6B-495B-B3D1-A95138702FDD}.Release|x86.Build.0 = Release|Win32
		{20AD61AD-4CDF-4D86-8C46-25C231182545}.Debug|x64.ActiveCfg = Debug|x64
		{20AD61AD-4CDF-4D86-8C46-25C231182545}.Debug|x64.Build.0 = Debug|x64
		{20AD61AD-4CDF-4D86-8C46-25C231182545}.Debug|x86.ActiveCfg = Debug|Win32
		{20AD61AD-4CDF-4D86-8C46-25C231182545}.Debug|x86.Build.0 = Debug|Win32
		{20AD61AD-4CDF-4D86-8C46-25C231182545}.Release|x64.ActiveCfg = Release|x64
		{20AD61AD-4CDF-4D86-8C46-25C231182545}.Release|x64.Build.0 = Release|x64
		{20AD61AD-4CDF-4D86-8C46-25C231182545}.Release|x86.ActiveCfg = Release|Win32
		{20AD61AD-4CDF-4D86-8C46-25C231182545}.Release|x86.Build.0 = Release|Win32
		{2D6765AA-A7A1-4AEC-9CF7-E4A4EC6FDAD8}.Debug|x64.ActiveCfg = Debug|x64
		{2D6765AA-A7A1-4AEC-9CF7-E4A4EC6FDAD8}.Debug|x64.Build.0 = Debug|x64
		{2D6765AA-A7A1-4AEC-9CF7-E4A4EC6FDAD8}.Debug|x86.ActiveCfg = Debug|Win32
		{2D6765AA-A7A1-4AEC-9CF7-E4A4EC6FDAD8}.Debug|x86.Build.0 = Debug|Win32
		{2D6765AA-A7A1-4AEC-9CF7-E4A4EC6FDAD8}.Release|x64.ActiveCfg = Release|x64
		{2D6765AA-A7A1-4AEC-9CF7-E4A4EC6FDAD8}.Release|x64.Build.0 = Release|x64
		{2D6765AA-A7A1-4AEC-9CF7-E4A4EC6FDAD8}.Release|x86.ActiveCfg = Release|Win32
		{2D6765AA-A7A1-4AEC-9CF7-E4A4EC6FDAD8}.Release|x86.Build.0 = Release|Win32
		{01AEAC2D-8FCD-4CC1-AF58-858B3F8F07B2}.Debug|x64.ActiveCfg = Debug|x64
		{01AEAC2D-8FCD-4CC1-AF58-858B3F8F07B2}.Debug|x64.Build.0 = Debug|x64
		{01AEAC2D-8FCD-4CC1-AF58-858B3F8F07B2}.Debug|x86.ActiveCfg = Debug|Win32
		{01AEAC2D-8FCD-4CC1-AF58-858B3F8F07B2}.Debug|x86.Build.0 = Debug|Win32
		{01AEAC2D-8FCD-4CC1-AF58-858B3F8F07B2}.Release|x64.ActiveCfg = Release|x64
		{01AEAC2D-8FCD-4CC1-AF58-858B3F8F07B2}.Release|x64.Build.0 = Release|x64
		{01AEAC2D-8FCD-4CC1-AF58-858B3F8F07B2}.Release|x86.ActiveCfg = Release|Win32
		{01AEAC2D-8FCD-4CC1-AF58-858B3F8F07B2}.Release|x86.Build.0 = Release|Win32
		{7CE7A259-3912-4686-B198-94B9A4409889}.Debug|x64.ActiveCfg = Debug|x64
		{7CE7A259-3912-4686-B198-94B9A4409889}.Debug|x64.Build.0 = Debug|x64
		{7CE7A259-3912-4686-B198-94B9A4409889}.Debug|x86.ActiveCfg = Debug|Win32
		{7CE7A259-3912-4686-B198-94B9A4409889}.Debug|x86.Build.0 = Debug|Win32
		{7CE7A259-3912-4686-B198-94B9A4409889}.Release|x64.ActiveCfg = Release|x64
		{7CE7A259-3912-4686-B198-94B9A4409889}.Release|x64.Build.0 = Release|x64
		{7CE7A259-3912-4686-B198-94B9A4409889}.Release|x86.ActiveCfg = Release|Win32
		{7CE7A259-3912-4686-B198-94B9A4409889}.Release|x86.Build.0 = Release|Win32
		{59F8E645-F7D4-435C-88F1-A7DE6FFC0DB8}.Debug|x64.ActiveCfg = Debug|x64
		{59F8E645-F7D4-435C-88F1-A7DE6FFC0DB8}.Debug|x64.Build.0 = Debug|x64
		{59F8E645-F7D4-435C-88F1-A7DE6FFC0DB8}.Debug|x86.ActiveCfg = Debug|Win32
		{59F8E645-F7D4-435C-88F1-A7DE6FFC0DB8}.Debug|x86.Build.0 = Debug|Win32
		{59F8E645-F7D4-435C-88F1-A7DE6FFC0DB8}.Release|x64.ActiveCfg = Release|x64
		{59F8E645-F7D4-435C-88F1-A7DE6FFC0DB8}.Release|x64.Build.0 = Release|x64
		{59F8E645-F7D4-435C-88F1-A7DE6FFC0DB8}.Release|x86.ActiveCfg = Release|Win32
		{59F8E645-F7D4-435C-88F1-A7DE6FFC0DB8}.Release|x86.Build.0 = Release|Win32
		{1495DACA-FA3A-4EFF-9F3D-EA3A5383F10C}.Debug|x64.ActiveCfg = Debug|x64
		{1495DACA-FA3A-4EFF-9F3D-EA3A5383F10C}.Debug|x64.Build.0 = Debug|x64
		{1495DACA-FA3A-4EFF-9F3D-EA3A5383F10C}.Debug|x86.ActiveCfg = Debug|Win32
		{1495DACA-FA3A-4EFF-9F3D-EA3A5383F10C}.Debug|x86.Build.0 = Debug|Win32
		{1495DACA-FA3A-4EFF-9F3D-EA3A5383F10C}.Release|x64.ActiveCfg = Release|x64
		{1495DACA-FA3A-4EFF-9F3D-EA3A5383F10C}.Release|x64.Build.0 = Release|x64
		{1495DACA-FA3A-4EFF-9F3D-EA3A5383F10C}.Release|x86.ActiveCfg = Release|Win32
		{1495DACA-FA3A-4EFF-9F3D-EA3A5383F10C}.Release|x86.Build.0 = Release|Win32
		{CAAC97CE-672A-4F5E-BA33-6706D6F752C4}.Debug|x64.ActiveCfg = Debug|x64
		{CAAC97CE-672A-4F5E-BA33-6706D6F752C4}.Debug|x64.Build.0 = Debug|x64
		{CAAC97CE-672A-4F5E-BA33-6706D6F752C4}.Debug|x86.ActiveCfg = Debug|Win32
		{CAAC97CE-672A-4F5E-BA33-6706D6F752C4}.Debug|x86.Build.0 = Debug|Win32
		{CAAC97CE-672A-4F5E-BA33-6706D6F752C4}.Release|x64.ActiveCfg = Release|x64
		{CAAC97CE-672A-4F5E-BA33-6706D6F752C4}.Release|x64.Build.0 = Release|x64
		{CAAC97CE-672A-4F5E-BA33-6706D6F752C4}.Release|x86.ActiveCfg = Release|Win32
		{CAAC97CE-672A-4F5E-BA33-6706D6F752C4}.Release|x86.Build.0 = Release|Win32
		{E9A9C0CA-89DD-4FBC-9CA1-353ECA5785D1}.Debug|x64.ActiveCfg = Debug|x64
		{E9A9C0CA-89DD-4FBC-9CA1-353ECA5785D1}.Debug|x64.Build.0 = Debug|x64
		{E9A9C0CA-89DD-4FBC-9CA1-353ECA5785D1}.Debug|x86.ActiveCfg = Debug|Win32
		{E9A9C0CA-89DD-4FBC-9CA1-353ECA5785D1}.Debug|x86.Build.0 = Debug|Win32
		{E9A9C0CA-89DD-4FBC-9CA1-353ECA5785D1}.Release|x64.ActiveCfg = Release|x64
		{E9A9C0CA-89DD-4FBC-9CA1-353ECA5785D1}.Release|x64.Build.0 = Release|x64
		{E9A9C0CA-89DD-4FBC-9CA1-353ECA5785D1}.Release|x86.ActiveCfg = Release|Win32
		{E9A9C0CA-89DD-4FBC-9CA1-353ECA5785D1}.Release|x86.Build.0 = Release|Win32
		{AE2FD9CF-AB4D-4FD6-B5C5-34D7A798BC48}.Debug|x64.ActiveCfg = Debug|x64
		{AE2FD9CF-AB4D-4FD6-B5C5-34D7A798BC48}.Debug|x64.Build.0 = Debug|x64
		{AE2FD9CF-AB4D-4FD6-B5C5-34D7A798BC48}.Debug|x86.ActiveCfg = Debug|Win32
		{AE2FD9CF-AB4D-4FD6-B5C5-34D7A798BC48}.Debug|x86.Build.0 = Debug|Win32
		{AE2FD9CF-AB4D-4FD6-B5C5-34D7A798BC48}.Release|x64.ActiveCfg = Release|x64
		{AE2FD9CF-AB4D-4FD6-B5C5-34D7A798BC48}.Release|x64.Build.0 = Release|x64
		{AE2FD9CF-AB4D-4FD6-B5C5-34D7A798BC48}.Release|x86.ActiveCfg = Release|Win32
		{AE2FD9CF-AB4D-4FD6-B5C5-34D7A798BC48}.Release|x86.Build.0 = Release|Win32
		{FCC983B1-4A40-491D-AF44-1177A8881F5A}.Debug|x64.ActiveCfg = Debug|x64
		{FCC983B1-4A40-491D-AF44-1177A8881F5A}.Debug|x64.Build.0 = Debug|x64
		{FCC983B1-4A40-491D-AF44-1177A8881F5A}.Debug|x86.ActiveCfg = Debug|Win32
		{FCC983B1-4A40-491D-AF44-1177A8881F5A}.Debug|x86.Build.0 = Debug|Win32
		{FCC983B1-4A40-491D-AF44-1177A8881F5A}.Release|x64.ActiveCfg = Release|x64
		{FCC983B1-4A40-491D-AF44-1177A8881F5A}.Release|x64.Build.0 = Release|x64
		{FCC983B1-4A40-491D-AF44-1177A8881F5A}.Release|x86.ActiveCfg = Release|Win32
		{FCC983B1-4A40-491D-AF44-1177A8881F5A}.Release|x86.Build.0 = Release|Win32
		{0B26E77F-D6BB-4906-99E7-700D7198FF77}.Debug|x64.ActiveCfg = Debug|x64
		{0B26E77F-D6BB-4906-99E7-700D7198FF77}.Debug|x64.Build.0 = Debug|x64
		{0B26E77F-D6BB-4906-99E7-700D7198FF77}.Debug|x86.ActiveCfg = Debug|Win32
		{0B26E77F-D6BB-4906-99E7-700D7198FF77}.Debug|x86.Build.0 = Debug|Win32
		{0B26E77F-D6BB-4906-99E7-700D7198FF77}.Release|x64.ActiveCfg = Release|x64
		{0B26E77F-D6BB-4906-99E7-700D7198FF77}.Release|x64.Build.0 = Release|x64
		{0B26E77F-D6BB-4906-99E7-700D7198FF77}.Release|x86.ActiveCfg = Release|Win32
		{0B26E77F-D6BB-4906-99E7-700D7198FF77}.Release|x86.Build.0 = Release|Win32
		{44A49C06-A342-4339-BF5D-A67705FB5FA0}.Debug|x64.ActiveCfg = Debug|x64
		{44A49C06-A342-4339-BF5D-A67705FB5FA0}.Debug|x64.Build.0 = Debug|x64
		{44A49C06-A342-4339-BF5D-A67705FB5FA0}.Debug|x86.ActiveCfg = Debug|Win32
		{44A49C06-A342-4339-BF5D-A67705FB5FA0}.Debug|x86.Build.0 = Debug|Win32
		{44A49C06-A342-4339-BF5D-A67705FB5FA0}.Release|x64.ActiveCfg = Release|x64
		{44A49C06-A342-4339-BF5D-A67705FB5FA0}.Release|x64.Build.0 = Release|x64
		{44A49C06-A342-4339-BF5D-A67705FB5FA0}.Release|x86.ActiveCfg = Release|Win32
		{44A49C06-A342-4339-BF5D-A67705FB5FA0}.Release|x86.Build.0 = Release|Win32
		{3D1B042A-63FC-4D55-85CC-E37E96249B50}.Debug|x64.ActiveCfg = Debug|x64
		{3D1B042A-63FC-4D55-85CC-E37E96249B50}.Debug|x64.Build.0 = Debug|x64
		{3D1B042A-63FC-4D55-85CC-E37E96249B50}.Debug|x86.ActiveCfg = Debug|Win32
		{3D1B042A-63FC-4D55-85CC-E37E96249B50}.Debug|x86.Build.0 = Debug|Win32
		{3D1B042A-63FC-4D55-85CC-E37E96249B50}.Release|x64.ActiveCfg = Release|x64
		{3D1B042A-63FC-4D55-85CC-E37E96249B50}.Release|x64.Build.0 = Release|x64
		{3D1B042A-63FC-4D55-85CC-E37E96249B50}.Release|x86.ActiveCfg = Release|Win32
		{3D1B042A-63FC-4D55-85CC-E37E96249B50}.Release|x86.Build.0 = Release|Win32
		{D6FC4188-1AAA-4ED5-8A6D-CE489B8241F0}.Debug|x64.ActiveCfg = Debug|x64
		{D6FC4188-1AAA-4ED5-8A6D-CE489B8241F0}.Debug|x64.Build.0 = Debug|x64
		{D6FC4188-1AAA-4ED5-8A6D-CE489B8241F0}.Debug|x86.ActiveCfg = Debug|Win32
		{D6FC4188-1AAA-4ED5-8A6D-CE489B8241F0}.Debug|x86.Build.0 = Debug|Win32
		{D6FC4188-1AAA-4ED5-8A6D-CE489B8241F0}.Release|x64.ActiveCfg = Release|x64
		{D6FC4188-1AAA-4ED5-8A6D-CE489B8241F0}.Release|x64.Build.0 = Release|x64
		{D6FC4188-1AAA-4ED5-8A6D-CE489B8241F0}.Release|x86.ActiveCfg = Release|Win32
		{D6FC4188-1AAA-4ED5-8A6D-CE489B8241F0}.Release|x86.Build.0 = Release|Win32
		{F9EC8214-B009-4B70-9255-217B6BCF9E9B}.Debug|x64.ActiveCfg = Debug|x64
		{F9EC8214-B009-4B70-9255-217B6BCF9E9B}.Debug|x64.Build.0 = Debug|x64
		{F9EC8214-B009-4B70-9255-217B6BCF9E9B}.Debug|x86.ActiveCfg = Debug|Win32
		{F9EC8214-B009-4B70-9255-217B6BCF9E9B}.Debug|x86.Build.0 = Debug|Win32
		{F9EC8214-B009-4B70-9255-217B6BCF9E9B}.Release|x64.ActiveCfg = Release|x64
		{F9EC8214-B009-4B70-9255-217B6BCF9E9B}.Release|x64.Build.0 = Release|x64
		{F9EC8214-B009-4B70-9255-217B6BCF9E9B}.Release|x86.ActiveCfg = Release|Win32
		{F9EC8214-B009-4B70-9255-217B6BCF9E9B}.Release|x86.Build.0 = Release|Win32
		{3B85433A-DD6C-40BA-BE25-287E1F94BF31}.Debug|x64.ActiveCfg = Debug|x64
		{3B85433A-DD6C-40BA-BE25-287E1F94BF31}.Debug|x64.Build.0 = Debug|x64
		{3B85433A-DD6C-40BA-BE25-287E1F94BF31}.Debug|x86.ActiveCfg = Debug|Win32
		{3B85433A-DD6C-40BA-BE25-287E1F94BF31}.Debug|x86.Build.0 = Debug|Win32
		{3B85433A-DD6C-40BA-BE25-287E1F94BF31}.Release|x64.ActiveCfg = Release|x64
		{3B85433A-DD6C-40BA-BE25-287E1F94BF31}.Release|x64.Build.0 = Release|x64
		{3B85433A-DD6C-40BA-BE25-287E1F94BF31}.Release|x86.ActiveCfg = Release|Win32
		{3B85433A-DD6C-40BA-BE25-287E1F94BF31}.Release|x86.Build.0 = Release|Win32
		{452BD7F5-AD72-4A7D-9DC4-915E9BFD1AAB}.Debug|x64.ActiveCfg = Debug|x64
		{452BD7F5-AD72-4A7D-9DC4-915E9BFD1AAB}.Debug|x64.Build.0 = Debug|x64
		{452BD7F5-AD72-4A7D-9DC4-915E9BFD1AAB}.Debug|x86.ActiveCfg = Debug|Win32
		{452BD7F5-AD72-4A7D-9DC4-915E9BFD1AAB}.Debug|x86.Build.0 = Debug|Win32
		{452BD7F5-AD72-4A7D-9DC4-915E9BFD1AAB}.Release|x64.ActiveCfg = Release|x64
		{452BD7F5-AD72-4A7D-9DC4-915E9BFD1AAB}.Release|x64.Build.0 = Release|x64
		{452BD7F5-AD72-4A7D-9DC4-915E9BFD1AAB}.Release|x86.ActiveCfg = Release|Win32
		{452BD7F5-AD72-4A7D-9DC4-915E9BFD1AAB}.Release|x86.Build.0 = Release|Win32
		{9D5F78B0-73D5-473D-8DCF-F69143B05BE1}.Debug|x64.ActiveCfg = Debug|x64
		{9D5F78B0-73D5-473D-8DCF-F69143B05BE1}.Debug|x64.Build.0 = Debug|x64
		{9D5F78B0-73D5-473D-8DCF-F69143B05BE1}.Debug|x86.ActiveCfg = Debug|Win32
		{9D5F78B0-73D5-473D-8DCF-F69143B05BE1}.Debug|x86.Build.0 = Debug|Win32
		{9D5F78B0-73D5-473D-8DCF-F69143B05BE1}.Release|x64.ActiveCfg = Release|x64
		{9D5F78B0-73D5-473D-8DCF-F69143B05BE1}.Release|x64.Build.0 = Release|x64
		{9D5F78B0-73D5-473D-8DCF-F69143B05BE1}.Release|x86.ActiveCfg = Release|Win32
		{9D5F78B0-73D5-473D-8DCF-F69143B05BE1}.Release|x86.Build.0 = Release|Win32
		{6C63FBFD-4583-494F-B2E4-F5869B6B890D}.Debug|x64.ActiveCfg = Debug|x64
		{6C63FBFD-4583-494F-B2E4-F5869B6B890D}.Debug|x64.Build.0 = Debug|x64
		{6C63FBFD-4583-494F-B2E4-F5869B6B890D}.Debug|x86.ActiveCfg = Debug|Win32
		{6C63FBFD-4583-494F-B2E4-F5869B6B890D}.Debug|x86.Build.0 = Debug|Win32
		{6C63FBFD-4583-494F-B2E4-F5869B6B890D}.Release|x64.ActiveCfg = Release|x64
		{6C63FBFD-4583-494F-B2E4-F5869B6B890D}.Release|x64.Build.0 = Release|x64
		{6C63FBFD-4583-494F-B2E4-F5869B6B890D}.Release|x86.ActiveCfg = Release|Win32
		{6C63FBFD-4583-494F-B2E4-F5869B6B890D}.Release|x86.Build.0 = Release|Win32
		{24B62747-96FC-4B6B-8770-09509E115F1B}.Debug|x64.ActiveCfg = Debug|x64
		{24B62747-96FC-4B6B-8770-09509E115F1B}.Debug|x64.Build.0 = Debug|x64
		{24B62747-96FC-4B6B-8770-09509E115F1B}.Debug|x86.ActiveCfg = Debug|Win32
		{24B62747-96FC-4B6B-8770-09509E115F1B}.Debug|x86.Build.0 = Debug|Win32
		{24B62747-96FC-4B6B-8770-09509E115F1B}.Release|x64.ActiveCfg = Release|x64
		{24B62747-96FC-4B6B-8770-09509E115F1B}.Release|x64.Build.0 = Release|x64
		{24B62747-96FC-4B6B-8770-09509E115F1B}.Release|x86.ActiveCfg = Release|Win32
		{24B62747-96FC-4B6B-8770-09509E115F1B}.Release|x86.Build.0 = Release|Win32
		{A2D2C7AC-1FA0-4C0E-9BAD-888BBE137CF0}.Debug|x64.ActiveCfg = Debug|x64
		{A2D2C7AC-1FA0-4C0E-9BAD-888BBE137CF0}.Debug|x64.Build.0 = Debug|x64
		{A2D2C7AC-1FA0-4C0E-9BAD-888BBE137CF0}.Debug|x86.ActiveCfg = Debug|Win32
		{A2D2C7AC-1FA0-4C0E-9BAD-888BBE137CF0}.Debug|x86.Build.0 = Debug|Win32
		{A2D2C7AC-1FA0-4C0E-9BAD-888BBE137CF0}.Release|x64.ActiveCfg = Release|x64
		{A2D2C7AC-1FA0-4C0E-9BAD-888BBE137CF0}.Release|x64.Build.0 = Release|x64
		{A2D2C7AC-1FA0-4C0E-9BAD-888BBE137CF0}.Release|x86.ActiveCfg = Release|Win32
		{A2D2C7AC-1FA0-4C0E-9BAD-888BBE137CF0}.Release|x86.Build.0 = Release|Win32
		{8E79F86E-8EEC-4531-A1A0-F0EAC62993C6}.Debug|x64.ActiveCfg = Debug|x64
		{8E79F86E-8EEC-4531-A1A0-F0EAC62993C6}.Debug|x64.Build.0 = Debug|x64
		{8E79F86E-8EEC-4531-A1A0-F0EAC62993C6}.Debug|x86.ActiveCfg = Debug|Win32
		{8E79F86E-8EEC-4531-A1A0-F0EAC62993C6}.Debug|x86.Build.0 = Debug|Win32
		{8E79F86E-8EEC-4531-A1A0-F0EAC62993C6}.Release|x64.ActiveCfg = Release|x64
		{8E79F86E-8EEC-4531-A1A0-F0EAC62993C6}.Release|x64.Build.0 = Release|x64
		{8E79F86E-8EEC-4531-A1A0-F0EAC62993C6}.Release|x86.ActiveCfg = Release|Win32
		{8E79F86E-8EEC-4531-A1A0-F0EAC62993C6}.Release|x86.Build.0 = Release|Win32
		{36D63F62-6170-4112-9E80-46FB53448239}.Debug|x64.ActiveCfg = Debug|x64
		{36D63F62-6170-4112-9E80-46FB53448239}.Debug|x64.Build.0 = Debug|x64
		{36D63F62-6170-4112-9E80-46FB53448239}.Debug|x86.ActiveCfg = Debug|Win32
		{36D63F62-6170-4112-9E80-46FB53448239}.Debug|x86.Build.0 = Debug|Win32
		{36D63F62-6170-4112-9E80-46FB53448239}.Release|x64.ActiveCfg = Release|x64
		{36D63F62-6170-4112-9E80-46FB53448239}.Release|x64.Build.0 = Release|x64
		{36D63F62-6170-4112-9E80-46FB53448239}.Release|x86.ActiveCfg = Release|Win32
		{36D63F62-6170-4112-9E80-46FB53448239}.Release|x86.Build.0 = Release|Win32
		{A6F7C58F-BD73-47C2-B164-D365AD955C4E}.Debug|x64.ActiveCfg = Debug|x64
		{A6F7C58F-BD73-47C2-B164-D365AD955C4E}.Debug|x64.Build.0 = Debug|x64
		{A6F7C58F-BD73-47C2-B164-D365AD955C4E}.Debug|x86.ActiveCfg = Debug|Win32
		{A6F7C58F-BD73-47C2-B164-D365AD955C4E}.Debug|x86.Build.0 = Debug|Win32
		{A6F7C58F-BD73-47C2-B164-D365AD955C4E}.Release|x64.ActiveCfg = Release|x64
		{A6F7C58F-BD73-47C2-B164-D365AD955C4E}.Release|x64.Build.0 = Release|x64
		{A6F7C58F-BD73-47C2-B164-D365AD955C4E}.Release|x86.ActiveCfg = Release|Win32
		{A6F7C58F-BD73-47C2-B164-D365AD955C4E}.Release|x86.Build.0 = Release|Win32
		{EDE75052-BD89-4ACA-BCB0-6EEF2F4134A7}.Debug|x64.ActiveCfg = Debug|x64
		{EDE75052-BD89-4ACA-BCB0-6EEF2F4134A7}.Debug|x64.Build.0 = Debug|x64
		{EDE75052-BD89-4ACA-BCB0-6EEF2F4134A7}.Debug|x86.ActiveCfg = Debug|Win32
		{EDE75052-BD89-4ACA-BCB0-6EEF2F4134A7}.Debug|x86.Build.0 = Debug|Win32
		{EDE75052-BD89-4ACA-BCB0-6EEF2F4134A7}.Release|x64.ActiveCfg = Release|x64
		{EDE75052-BD89-4ACA-BCB0-6EEF2F4134A7}.Release|x64.Build.0 = Release|x64
		{EDE75052-BD89-4ACA-BCB0-6EEF2F4134A7}.Release|x86.ActiveCfg = Release|Win32
		{EDE75052-BD89-4ACA-BCB0-6EEF2F4134A7}.Release|x86.Build.0 = Release|Win32
		{D1C2AC16-D0EE-4218-BAB9-722449686D31}.Debug|x64.ActiveCfg = Debug|x64
		{D1C2AC16-D0EE-4218-BAB9-722449686D31}.Debug|x64.Build.0 = Debug|x64
		{D1C2AC16-D0EE-4218-BAB9-722449686D31}.Debug|x86.ActiveCfg = Debug|Win32
		{D1C2AC16-D0EE-4218-BAB9-722449686D31}.Debug|x86.Build.0 = Debug|Win32
		{D1C2AC16-D0EE-4218-BAB9-722449686D31}.Release|x64.ActiveCfg = Release|x64
		{D1C2AC16-D0EE-4218-BAB9-722449686D31}.Release|x64.Build.0 = Release|x64
		{D1C2AC16-D0EE-4218-BAB9-722449686D31}.Release|x86.ActiveCfg = Release|Win32
		{D1C2AC16-D0EE-4218-BAB9-722449686D31}.Release|x86.Build.0 = Release|Win32
		{C1353002-3ED8-44A9-BAB2-D763EBCD2C31}.Debug|x64.ActiveCfg = Debug|x64
		{C1353002-3ED8-44A9-BAB2-D763EBCD2C31}.Debug|x64.Build.0 = Debug|x64
		{C1353002-3ED8-44A9-BAB2-D763EBCD2C31}.Debug|x86.ActiveCfg = Debug|Win32
		{C1353002-3ED8-44A9-BAB2-D763EBCD2C31}.Debug|x86.Build.0 = Debug|Win32
		{C1353002-3ED8-44A9-BAB2-D763EBCD2C31}.Release|x64.ActiveCfg = Release|x64
		{C1353002-3ED8-44A9-BAB2-D763EBCD2C31}.Release|x64.Build.0 = Release|x64
		{C1353002-3ED8-44A9-BAB2-D763EBCD2C31}.Release|x86.ActiveCfg = Release|Win32
		{C1353002-3ED8-44A9-BAB2-D763EBCD2C31}.Release|x86.Build.0 = Release|Win32
		{E6653B27-294A-4AD5-9AC3-7C424DAEECA7}.Debug|x64.ActiveCfg = Debug|x64
		{E6653B27-294A-4AD5-9AC3-7C424DAEECA7}.Debug|x64.Build.0 = Debug|x64
		{E6653B27-294A-4AD5-9AC3-7C424DAEECA7}.Debug|x86.ActiveCfg = Debug|Win32
		{E6653B27-294A-4AD5-9AC3-7C424DAEECA7}.Debug|x86.Build.0 = Debug|Win32
		{E6653B27-294A-4AD5-9AC3-7C424DAEECA7}.Release|x64.ActiveCfg = Release|x64
		{E6653B27-294A-4AD5-9AC3-7C424DAEECA7}.Release|x64.Build.0 = Release|x64
		{E6653B27-294A-4AD5-9AC3-7C424DAEECA7}.Release|x86.ActiveCfg = Release|Win32
		{E6653B27-294A-4AD5-9AC3-7C424DAEECA7}.Release|x86.Build.0 = Release|Win32
		{CAAF13B2-D515-4EB1-BAB3-00D6D4789F81}.Debug|x64.ActiveCfg = Debug|x64
		{CAAF13B2-D515-4EB1-BAB3-00D6D4789F81}.Debug|x64.Build.0 = Debug|x64
		{CAAF13B2-D515-4EB1-BAB3-00D6D4789F81}.Debug|x86.ActiveCfg = Debug|Win32
		{CAAF13B2-D515-4EB1-BAB3-00D6D4789F81}.Debug|x86.Build.0 = Debug|Win32
		{CAAF13B2-D515-4EB1-BAB3-00D6D4789F81}.Release|x64.ActiveCfg = Release|x64
		{CAAF13B2-D515-4EB1-BAB3-00D6D4789F81}.Release|x64.Build.0 = Release|x64
		{CAAF13B2-D515-4EB1-BAB3-00D6D4789F81}.Release|x86.ActiveCfg = Release|Win32
		{CAAF13B2-D515-4EB1-BAB3-00D6D4789F81}.Release|x86.Build.0 = Release|Win32
		{52AF216C-F6BD-4B96-992A-12C2BA11DDAD}.Debug|x64.ActiveCfg = Debug|x64
		{52AF216C-F6BD-4B96-992A-12C2BA11DDAD}.Debug|x64.Build.0 = Debug|x64
		{52AF216C-F6BD-4B96-992A-12C2BA11DDAD}.Debug|x86.ActiveCfg = Debug|Win32
		{52AF216C-F6BD-4B96-992A-12C2BA11DDAD}.Debug|x86.Build.0 = Debug|Win32
		{52AF216C-F6BD-4B96-992A-12C2BA11DDAD}.Release|x64.ActiveCfg = Release|x64
		{52AF216C-F6BD-4B96-992A-12C2BA11DDAD}.Release|x64.Build.0 = Release|x64
		{52AF216C-F6BD-4B96-992A-12C2BA11DDAD}.Release|x86.ActiveCfg = Release|Win32
		{52AF216C-F6BD-4B96-992A-12C2BA11DDAD}.Release|x86.Build.0 = Release|Win32
		{CEB3448F-159E-4D65-98CD-B394F0348772}.Debug|x64.ActiveCfg = Debug|x64
		{CEB3448F-159E-4D65-98CD-B394F0348772}.Debug|x64.Build.0 = Debug|x64
		{CEB3448F-159E-4D65-98CD-B394F0348772}.Debug|x86.ActiveCfg = Debug|Win32
		{CEB3448F-159E-4D65-98CD-B394F0348772}.Debug|x86.Build.0 = Debug|Win32
		{CEB3448F-159E-4D65-98CD-B394F0348772}.Release|x64.ActiveCfg = Release|x64
		{CEB3448F-159E-4D65-98CD-B394F0348772}.Release|x64.Build.0 = Release|x64
		{CEB3448F-159E-4D65-98CD-B394F0348772}.Release|x86.ActiveCfg = Release|Win32
		{CEB3448F-159E-4D65-98CD-B394F0348772}.Release|x86.Build.0 = Release|Win32
		{CE236D27-E1CF-4E61-8F21-7D5A256117E9}.Debug|x64.ActiveCfg = Debug|x64
		{CE236D27-E1CF-4E61-8F21-7D5A256117E9}.Debug|x64.Build.0 = Debug|x64
		{CE236D27-E1CF-4E61-8F21-7D5A256117E9}.Debug|x86.ActiveCfg = Debug|Win32
		{CE236D27-E1CF-4E61-8F21-7D5A256117E9}.Debug|x86.Build.0 = Debug|Win32
		{CE236D27-E1CF-4E61-8F21-7D5A256117E9}.Release|x64.ActiveCfg = Release|x64
		{CE236D27-E1CF-4E61-8F21-7D5A256117E9}.Release|x64.Build.0 = Release|x64
		{CE236D27-E1CF-4E61-8F21-7D5A256117E9}.Release|x86.ActiveCfg = Release|Win32
		{CE236D27-E1CF-4E61-8F21-7D5A256117E9}.Release|x86.Build.0 = Release|Win32
		{2810D75B-8CB0-49EA-A0CD-7F3CC7B73CC6}.Debug|x64.ActiveCfg = Debug|x64
		{2810D75B-8CB0-49EA-A0CD-7F3CC7B73CC6}.Debug|x64.Build.0 = Debug|x64
		{2810D75B-8CB0-49EA-A0CD-7F3CC7B73CC6}.Debug|x86.ActiveCfg = Debug|Win32
		{2810D75B-8CB0-49EA-A0CD-7F3CC7B73CC6}.Debug|x86.Build.0 = Debug|Win32
		{2810D75B-8CB0-49EA-A0CD-7F3CC7B73CC6}.Release|x64.ActiveCfg = Release|x64
		{2810D75B-8CB0-49EA-A0CD-7F3CC7B73CC6}.Release|x64.Build.0 = Release|x64
		{2810D75B-8CB0-49EA-A0CD-7F3CC7B73CC6}.Release|x86.ActiveCfg = Release|Win32
		{2810D75B-8CB0-49EA-A0CD-7F3CC7B73CC6}.Release|x86.Build.0 = Release|Win32
		{B4CE071C-84BA-4746-BE79-8B36EBBB26C4}.Debug|x64.ActiveCfg = Debug|x64
		{B4CE071C-84BA-4746-BE79-8B36EBBB26C4}.Debug|x64.Build.0 = Debug|x64
		{B4CE071C-84BA-4746-BE79-8B36EBBB26C4}.Debug|x86.ActiveCfg = Debug|Win32
		{B4CE071C-84BA-4746-BE79-8B36EBBB26C4}.Debug|x86.Build.0 = Debug|Win32
		{B4CE071C-84BA-4746-BE79-8B36EBBB26C4}.Release|x64.ActiveCfg = Release|x64
		{B4CE071C-84BA-4746-BE79-8B36EBBB26C4}.Release|x64.Build.0 = Release|x64
		{B4CE071C-84BA-4746-BE79-8B36EBBB26C4}.Release|x86.ActiveCfg = Release|Win32
		{B4CE071C-84BA-4746-BE79-8B36EBBB26C4}.Release|x86.Build.0 = Release|Win32
		{26CC6A2C-7BFE-4EEB-953B-85789D19FB2E}.Debug|x64.ActiveCfg = Debug|x64
		{26CC6A2C-7BFE-4EEB-953B-85789D19FB2E}.Debug|x64.Build.0 = Debug|x64
		{26CC6A2C-7BFE-4EEB-953B-85789D19FB2E}.Debug|x86.ActiveCfg = Debug|Win32
		{26CC6A2C-7BFE-4EEB-953B-85789D19FB2E}.Debug|x86.Build.0 = Debug|Win32
		{26CC6A2C-7BFE-4EEB-953B-85789D19FB2E}.Release|x64.ActiveCfg = Release|x64
		{26CC6A2C-7BFE-4EEB-953B-85789D19FB2E}.Release|x64.Build.0 = Release|x64
		{26CC6A2C-7BFE-4EEB-953B-85789D19FB2E}.Release|x86.ActiveCfg = Release|Win32
		{26CC6A2C-7BFE-4EEB-953B-85789D19FB2E}.Release|x86.Build.0 = Release|Win32
		{D0A77EEF-B9AD-4531-AF52-49795BB4482A}.Debug|x64.ActiveCfg = Debug|x64
		{D0A77EEF-B9AD-4531-AF52-49795BB4482A}.Debug|x64.Build.0 = Debug|x64
		{D0A77EEF-B9AD-4531-AF52-49795BB4482A}.Debug|x86.ActiveCfg = Debug|Win32
		{D0A77EEF-B9AD-4531-AF52-49795BB4482A}.Debug|x86.Build.0 = Debug|Win32
		{D0A77EEF-B9AD-4531-AF52-49795BB4482A}.Release|x64.ActiveCfg = Release|x64
		{D0A77EEF-B9AD-4531-AF52-49795BB4482A}.Release|x64.Build.0 = Release|x64
		{D0A77EEF-B9AD-4531-AF52-49795BB4482A}.Release|x86.ActiveCfg = Release|Win32
		{D0A77EEF-B9AD-4531-AF52-49795BB4482A}.Release|x86.Build.0 = Release|Win32
		{BA78940C-7F80-4000-B033-6A50E37D4765}.Debug|x64.ActiveCfg = Debug|x64
		{BA78940C-7F80-4000-B033-6A50E37D4765}.Debug|x64.Build.0 = Debug|x64
		{BA78940C-7F80-4000-B033-6A50E37D4765}.Debug|x86.ActiveCfg = Debug|Win32
		{BA78940C-7F80-4000-B033-6A50E37D4765}.Debug|x86.Build.0 = Debug|Win32
		{BA78940C-7F80-4000-B033-6A50E37D4765}.Release|x64.ActiveCfg = Release|x64
		{BA78940C-7F80-4000-B033-6A50E37D4765}.Release|x64.Build.0 = Release|x64
		{BA78940C-7F80-4000-B033-6A50E37D4765}.Release|x86.ActiveCfg = Release|Win32
		{BA78940C-7F80-4000-B033-6A50E37D4765}.Release|x86.Build.0 = Release|Win32
		{2704C740-FA64-48CD-9256-D60724F6AEC1}.Debug|x64.ActiveCfg = Debug|x64
		{2704C740-FA64-48CD-9256-D60724F6AEC1}.Debug|x64.Build.0 = Debug|x64
		{2704C740-FA64-48CD-9256-D60724F6AEC1}.Debug|x86.ActiveCfg = Debug|Win32
		{2704C740-FA64-48CD-9256-D60724F6AEC1}.Debug|x86.Build.0 = Debug|Win32
		{2704C740-FA64-48CD-9256-D60724F6AEC1}.Release|x64.ActiveCfg = Release|x64
		{2704C740-FA64-48CD-9256-D60724F6AEC1}.Release|x64.Build.0 = Release|x64
		{2704C740-FA64-48CD-9256-D60724F6AEC1}.Release|x86.ActiveCfg = Release|Win32
		{2704C740-FA64-48CD-9256-D60724F6AEC1}.Release|x86.Build.0 = Release|Win32
		{49496851-3575-48C4-AADE-A9D2C9AD7F5C}.Debug|x64.ActiveCfg = Debug|x64
		{49496851-3575-48C4-AADE-A9D2C9AD7F5C}.Debug|x64.Build.0 = Debug|x64
		{49496851-3575-48C4-AADE-A9D2C9AD7F5C}.Debug|x86.ActiveCfg = Debug|Win32
		{49496851-3575-48C4-AADE-A9D2C9AD7F5C}.Debug|x86.Build.0 = Debug|Win32
		{49496851-3575-48C4-AADE-A9D2C9AD7F5C}.Release|x64.ActiveCfg = Release|x64
		{49496851-3575-48C4-AADE-A9D2C9AD7F5C}.Release|x64.Build.0 = Release|x64
		{49496851-3575-48C4-AADE-A9D2C9AD7F5C}.Release|x86.ActiveCfg = Release|Win32
		{49496851-3575-48C4-AADE-A9D2C9AD7F5C}.Release|x86.Build.0 = Release|Win32
		{0BA19F0D-47B9-4B1E-9956-BC2DEB2800E4}.Debug|x64.ActiveCfg = Debug|x64
		{0BA19F0D-47B9-4B1E-9956-BC2DEB2800E4}.Debug|x64.Build.0 = Debug|x64
		{0BA19F0D-47B9-4B1E-9956-BC2DEB2800E4}.Debug|x86.ActiveCfg = Debug|Win32
		{0BA19F0D-47B9-4B1E-9956-BC2DEB2800E4}.Debug|x86.Build.0 = Debug|Win32
		{0BA19F0D-47B9-4B1E-9956-BC2DEB2800E4}.Release|x64.ActiveCfg = Release|x64
		{0BA19F0D-47B9-4B1E-9956-BC2DEB2800E4}.Release|x64.Build.0 = Release|x64
		{0BA19F0D-47B9-4B1E-9956-BC2DEB2800E4}.Release|x86.ActiveCfg = Release|Win32
		{0BA19F0D-47B9-4B1E-9956-BC2DEB2800E4}.Release|x86.Build.0 = Release|Win32
		{0589D7C6-B307-4FAF-8230-55928AF2BBB6}.Debug|x64.ActiveCfg = Debug|x64
		{0589D7C6-B307-4FAF-8230-55928AF2BBB6}.Debug|x64.Build.0 = Debug|x64
		{0589D7C6-B307-4FAF-8230-55928AF2BBB6}.Debug|x86.ActiveCfg = Debug|Win32
		{0589D7C6-B307-4FAF-8230-55928AF2BBB6}.Debug|x86.Build.0 = Debug|Win32
		{0589D7C6-B307-4FAF-8230-55928AF2BBB6}.Release|x64.ActiveCfg = Release|x64
		{0589D7C6-B307-4FAF-8230-55928AF2BBB6}.Release|x64.Build.0 = Release|x64
		{0589D7C6-B307-4FAF-8230-55928AF2BBB6}.Release|x86.ActiveCfg = Release|Win32
		{0589D7C6-B307-4FAF-8230-55928AF2BBB6}.Release|x86.Build.0 = Release|Win32
		{715B3FB2-AAED-4D0F-8F25-2F6352041486}.Debug|x64.ActiveCfg = Debug|x64
		{715B3FB2-AAED-4D0F-8F25-2F6352041486}.Debug|x64.Build.0 = Debug|x64
		{715B3FB2-AAED-4D0F-8F25-2F6352041486}.Debug|x86.ActiveCfg = Debug|Win32
		{715B3FB2-AAED-4D0F-8F25-2F6352041486}.Debug|x86.Build.0 = Debug|Win32
		{715B3FB2-AAED-4D0F-8F25-2F6352041486}.Release|x64.ActiveCfg = Release|x64
		{715B3FB2-AAED-4D0F-8F25-2F6352041486}.Release|x64.Build.0 = Release|x64
		{715B3FB2-AAED-4D0F-8F25-2F6352041486}.Release|x86.ActiveCfg = Release|Win32
		{715B3FB2-AAED-4D0F-8F25-2F6352041486}.Release|x86.Build.0 = Release|Win32
		{8580AC6B-2BB9-4D59-8855-0EB72D8CBFFF}.Debug|x64.ActiveCfg = Debug|x64
		{8580AC6B-2BB9-4D59-8855-0EB72D8CBFFF}.Debug|x64.Build.0 = Debug|x64
		{8580AC6B-2BB9-4D59-8855-0EB72D8CBFFF}.Debug|x86.ActiveCfg = Debug|Win32
		{8580AC6B-2BB9-4D59-8855-0EB72D8CBFFF}.Debug|x86.Build.0 = Debug|Win32
		{8580AC6B-2BB9-4D59-8855-0EB72D8CBFFF}.Release|x64.ActiveCfg = Release|x64
		{8580AC6B-2BB9-4D59-8855-0EB72D8CBFFF}.Release|x64.Build.0 = Release|x64
		{8580AC6B-2BB9-4D59-8855-0EB72D8CBFFF}.Release|x86.ActiveCfg = Release|Win32
		{8580AC6B-2BB9-4D59-8855-0EB72D8CBFFF}.Release|x86.Build.0 = Release|Win32
	EndGlobalSection
	GlobalSection(SolutionProperties) = preSolution
		HideSolutionNode = FALSE
	EndGlobalSection
	GlobalSection(NestedProjects) = preSolution
		{CDF5DEFE-7E38-46A8-9585-CABC87178DF3} = {FAEB4622-6290-49F7-B3DB-0D1C2B618A0A}
		{BB1B301D-4E81-4E49-A675-B8031B886A8A} = {CDF5DEFE-7E38-46A8-9585-CABC87178DF3}
		{D69FAC49-B25D-4FF7-B3C3-36BCA51B6588} = {FAEB4622-6290-49F7-B3DB-0D1C2B618A0A}
		{40D9E8BF-68AB-46E6-893D-55EC4E4D687C} = {D69FAC49-B25D-4FF7-B3C3-36BCA51B6588}
		{9D9A07DB-F5FE-4FE7-A769-C3CE08B715BC} = {D69FAC49-B25D-4FF7-B3C3-36BCA51B6588}
		{6BF33299-93A9-4289-B202-9A967D5EE61B} = {D69FAC49-B25D-4FF7-B3C3-36BCA51B6588}
		{23D3BDD4-2BDC-4D65-AF42-3856C2DB1E8A} = {D69FAC49-B25D-4FF7-B3C3-36BCA51B6588}
		{39A5196F-6476-42DA-B368-DB631F63C812} = {CDF5DEFE-7E38-46A8-9585-CABC87178DF3}
		{F6AF460E-328C-4688-BEE5-7AE9CFE74705} = {CDF5DEFE-7E38-46A8-9585-CABC87178DF3}
		{0564137D-745C-433E-859E-F6FDDE84ECF3} = {FAEB4622-6290-49F7-B3DB-0D1C2B618A0A}
		{019A5F26-5D66-4E5C-AF5E-4845BFFDE51D} = {0564137D-745C-433E-859E-F6FDDE84ECF3}
		{2CFBE474-2B17-4071-9246-69B07EE951E3} = {0564137D-745C-433E-859E-F6FDDE84ECF3}
		{B9FC832F-F606-4B3D-BCF2-287DED1F844F} = {0564137D-745C-433E-859E-F6FDDE84ECF3}
		{236EC8AF-E426-41E7-B452-C971321338BD} = {CDF5DEFE-7E38-46A8-9585-CABC87178DF3}
		{B3A1D1BB-BFE7-4726-86AE-BB097C2646BF} = {CDF5DEFE-7E38-46A8-9585-CABC87178DF3}
		{759F891B-042E-4BF0-977F-7722A2FE4285} = {FAEB4622-6290-49F7-B3DB-0D1C2B618A0A}
		{64807895-4CC1-40AA-A9C5-1413DD6DB331} = {759F891B-042E-4BF0-977F-7722A2FE4285}
		{77100CC0-536F-4F53-AFE4-949DD595762C} = {759F891B-042E-4BF0-977F-7722A2FE4285}
		{AD5CF966-EAD8-41D3-B688-47CB67E47D46} = {759F891B-042E-4BF0-977F-7722A2FE4285}
		{8A92BB27-96D8-4121-8363-402F8C1471CC} = {759F891B-042E-4BF0-977F-7722A2FE4285}
		{577560C7-478D-4436-BF1B-01D137E0F964} = {CDF5DEFE-7E38-46A8-9585-CABC87178DF3}
		{AFB90936-0C15-4693-A3B8-AC5AA35D12DE} = {CDF5DEFE-7E38-46A8-9585-CABC87178DF3}
		{46BA8537-B9AF-47CD-806E-8925AACCBF25} = {4BF2B86A-A13D-4559-BBA7-BAAF1AFEFD74}
		{751CBF75-FE6B-414B-BC56-C27B65B2E1A4} = {46BA8537-B9AF-47CD-806E-8925AACCBF25}
		{D1540D72-D5C6-4981-8467-DF9729C93C92} = {46BA8537-B9AF-47CD-806E-8925AACCBF25}
		{051B5769-6117-4811-8EB9-3121AC3426F3} = {46BA8537-B9AF-47CD-806E-8925AACCBF25}
		{0EAFFCC3-9E78-4BA0-B9D4-E60B4BE6D43C} = {4BF2B86A-A13D-4559-BBA7-BAAF1AFEFD74}
		{D340F988-37E2-428A-836B-9646339FBAF5} = {0EAFFCC3-9E78-4BA0-B9D4-E60B4BE6D43C}
		{2044AD1D-9F5E-4F4E-BE75-58CFC3D9EBF7} = {4BF2B86A-A13D-4559-BBA7-BAAF1AFEFD74}
		{EA0744C1-140C-43AA-AF48-72CBF4B92F8D} = {2044AD1D-9F5E-4F4E-BE75-58CFC3D9EBF7}
		{313E2A2B-5D89-479C-883C-A45A2F40BAB7} = {2044AD1D-9F5E-4F4E-BE75-58CFC3D9EBF7}
		{9A92BA62-8FB6-48DD-A52D-0BE9C09A2023} = {2044AD1D-9F5E-4F4E-BE75-58CFC3D9EBF7}
		{8A3EE3A4-9B97-49D2-A652-20C7AC2217AF} = {4BF2B86A-A13D-4559-BBA7-BAAF1AFEFD74}
		{5D03F587-40D3-4A1D-8BB2-B19B005A1C30} = {8A3EE3A4-9B97-49D2-A652-20C7AC2217AF}
		{2191D1A2-F730-4CD8-8EE0-C76BBA089663} = {8A3EE3A4-9B97-49D2-A652-20C7AC2217AF}
		{265FC77D-5B13-4E2E-8F9E-6A5CF81F592B} = {0EAFFCC3-9E78-4BA0-B9D4-E60B4BE6D43C}
		{EDE65545-9406-40CA-9AA2-B4162F9FF946} = {0EAFFCC3-9E78-4BA0-B9D4-E60B4BE6D43C}
		{14B3174C-4971-44BE-8640-88D5D1E5CA65} = {0EAFFCC3-9E78-4BA0-B9D4-E60B4BE6D43C}
		{36903498-662D-4030-A31D-02E7A1468283} = {0EAFFCC3-9E78-4BA0-B9D4-E60B4BE6D43C}
		{8A8956BB-E321-4FD8-AED5-60A7C9C70138} = {2E5D8165-2BD4-4D61-8C28-1F9AF024E5FC}
		{6317A3ED-1A1B-4006-A9F4-7D2D9BF6B9F7} = {2E5D8165-2BD4-4D61-8C28-1F9AF024E5FC}
		{85D3022B-6E11-44F1-B3EA-E8FBA56F629C} = {8A8956BB-E321-4FD8-AED5-60A7C9C70138}
		{DC997332-EDCC-4A2D-9B90-8667EDF1423F} = {8A8956BB-E321-4FD8-AED5-60A7C9C70138}
		{4567BCF6-376F-4739-98B3-7366478E5811} = {8A8956BB-E321-4FD8-AED5-60A7C9C70138}
		{6A5BFC4F-15D9-4899-91D8-483D5CDBC8FA} = {2E5D8165-2BD4-4D61-8C28-1F9AF024E5FC}
		{7C2DAAF9-2551-4588-8244-A3CF95320437} = {6A5BFC4F-15D9-4899-91D8-483D5CDBC8FA}
		{C07A3ADF-243E-4DD9-91B8-DE5E860E3FBC} = {6A5BFC4F-15D9-4899-91D8-483D5CDBC8FA}
		{4866182B-8D6B-495B-B3D1-A95138702FDD} = {6317A3ED-1A1B-4006-A9F4-7D2D9BF6B9F7}
		{20AD61AD-4CDF-4D86-8C46-25C231182545} = {6317A3ED-1A1B-4006-A9F4-7D2D9BF6B9F7}
		{2D6765AA-A7A1-4AEC-9CF7-E4A4EC6FDAD8} = {6317A3ED-1A1B-4006-A9F4-7D2D9BF6B9F7}
		{01AEAC2D-8FCD-4CC1-AF58-858B3F8F07B2} = {6317A3ED-1A1B-4006-A9F4-7D2D9BF6B9F7}
		{07B6197F-188B-4178-B5A7-3DB0E7D50224} = {7FEF904F-70B5-4EEC-8B3C-E3876ADA8826}
		{ACB4A4A1-7CF4-4EDE-A6B2-FB11D09C2025} = {7FEF904F-70B5-4EEC-8B3C-E3876ADA8826}
		{7CE7A259-3912-4686-B198-94B9A4409889} = {ACB4A4A1-7CF4-4EDE-A6B2-FB11D09C2025}
		{59F8E645-F7D4-435C-88F1-A7DE6FFC0DB8} = {ACB4A4A1-7CF4-4EDE-A6B2-FB11D09C2025}
		{1495DACA-FA3A-4EFF-9F3D-EA3A5383F10C} = {ACB4A4A1-7CF4-4EDE-A6B2-FB11D09C2025}
		{CAAC97CE-672A-4F5E-BA33-6706D6F752C4} = {ACB4A4A1-7CF4-4EDE-A6B2-FB11D09C2025}
		{E9A9C0CA-89DD-4FBC-9CA1-353ECA5785D1} = {07B6197F-188B-4178-B5A7-3DB0E7D50224}
		{AE2FD9CF-AB4D-4FD6-B5C5-34D7A798BC48} = {07B6197F-188B-4178-B5A7-3DB0E7D50224}
		{FCC983B1-4A40-491D-AF44-1177A8881F5A} = {07B6197F-188B-4178-B5A7-3DB0E7D50224}
		{9440D45A-F2EA-4EF7-B707-502C0E006175} = {7FEF904F-70B5-4EEC-8B3C-E3876ADA8826}
		{0B26E77F-D6BB-4906-99E7-700D7198FF77} = {9440D45A-F2EA-4EF7-B707-502C0E006175}
		{44A49C06-A342-4339-BF5D-A67705FB5FA0} = {9440D45A-F2EA-4EF7-B707-502C0E006175}
		{3D1B042A-63FC-4D55-85CC-E37E96249B50} = {9440D45A-F2EA-4EF7-B707-502C0E006175}
		{D6FC4188-1AAA-4ED5-8A6D-CE489B8241F0} = {9440D45A-F2EA-4EF7-B707-502C0E006175}
		{F9EC8214-B009-4B70-9255-217B6BCF9E9B} = {9440D45A-F2EA-4EF7-B707-502C0E006175}
		{3B85433A-DD6C-40BA-BE25-287E1F94BF31} = {9440D45A-F2EA-4EF7-B707-502C0E006175}
		{452BD7F5-AD72-4A7D-9DC4-915E9BFD1AAB} = {07B6197F-188B-4178-B5A7-3DB0E7D50224}
		{9D5F78B0-73D5-473D-8DCF-F69143B05BE1} = {07B6197F-188B-4178-B5A7-3DB0E7D50224}
		{6C63FBFD-4583-494F-B2E4-F5869B6B890D} = {07B6197F-188B-4178-B5A7-3DB0E7D50224}
		{24B62747-96FC-4B6B-8770-09509E115F1B} = {07B6197F-188B-4178-B5A7-3DB0E7D50224}
		{A2D2C7AC-1FA0-4C0E-9BAD-888BBE137CF0} = {07B6197F-188B-4178-B5A7-3DB0E7D50224}
		{45D3B95A-1780-4544-8B85-489AE81A131D} = {7FEF904F-70B5-4EEC-8B3C-E3876ADA8826}
		{8E79F86E-8EEC-4531-A1A0-F0EAC62993C6} = {45D3B95A-1780-4544-8B85-489AE81A131D}
		{36D63F62-6170-4112-9E80-46FB53448239} = {45D3B95A-1780-4544-8B85-489AE81A131D}
		{A6F7C58F-BD73-47C2-B164-D365AD955C4E} = {07B6197F-188B-4178-B5A7-3DB0E7D50224}
		{EDE75052-BD89-4ACA-BCB0-6EEF2F4134A7} = {07B6197F-188B-4178-B5A7-3DB0E7D50224}
		{D1C2AC16-D0EE-4218-BAB9-722449686D31} = {07B6197F-188B-4178-B5A7-3DB0E7D50224}
		{C1353002-3ED8-44A9-BAB2-D763EBCD2C31} = {07B6197F-188B-4178-B5A7-3DB0E7D50224}
		{E6653B27-294A-4AD5-9AC3-7C424DAEECA7} = {07B6197F-188B-4178-B5A7-3DB0E7D50224}
		{CAAF13B2-D515-4EB1-BAB3-00D6D4789F81} = {07B6197F-188B-4178-B5A7-3DB0E7D50224}
		{52AF216C-F6BD-4B96-992A-12C2BA11DDAD} = {38493CBD-4D79-4E34-AA10-F5BF19AEBD1E}
		{CEB3448F-159E-4D65-98CD-B394F0348772} = {38493CBD-4D79-4E34-AA10-F5BF19AEBD1E}
		{38493CBD-4D79-4E34-AA10-F5BF19AEBD1E} = {4EDC5B6F-87E5-4CE8-AF8F-C61545146C11}
		{CE236D27-E1CF-4E61-8F21-7D5A256117E9} = {38493CBD-4D79-4E34-AA10-F5BF19AEBD1E}
		{34B6C7EC-8ED7-4184-8739-2F03F4C4C560} = {4EDC5B6F-87E5-4CE8-AF8F-C61545146C11}
		{2810D75B-8CB0-49EA-A0CD-7F3CC7B73CC6} = {34B6C7EC-8ED7-4184-8739-2F03F4C4C560}
		{9ADC22ED-5A50-437D-B2BE-829E64B27B3B} = {4EDC5B6F-87E5-4CE8-AF8F-C61545146C11}
		{B4CE071C-84BA-4746-BE79-8B36EBBB26C4} = {9ADC22ED-5A50-437D-B2BE-829E64B27B3B}
		{26CC6A2C-7BFE-4EEB-953B-85789D19FB2E} = {9ADC22ED-5A50-437D-B2BE-829E64B27B3B}
		{D0A77EEF-B9AD-4531-AF52-49795BB4482A} = {9ADC22ED-5A50-437D-B2BE-829E64B27B3B}
		{BA78940C-7F80-4000-B033-6A50E37D4765} = {9ADC22ED-5A50-437D-B2BE-829E64B27B3B}
		{2704C740-FA64-48CD-9256-D60724F6AEC1} = {9ADC22ED-5A50-437D-B2BE-829E64B27B3B}
		{49496851-3575-48C4-AADE-A9D2C9AD7F5C} = {9ADC22ED-5A50-437D-B2BE-829E64B27B3B}
		{0BA19F0D-47B9-4B1E-9956-BC2DEB2800E4} = {9ADC22ED-5A50-437D-B2BE-829E64B27B3B}
		{0589D7C6-B307-4FAF-8230-55928AF2BBB6} = {34B6C7EC-8ED7-4184-8739-2F03F4C4C560}
		{715B3FB2-AAED-4D0F-8F25-2F6352041486} = {34B6C7EC-8ED7-4184-8739-2F03F4C4C560}
		{8580AC6B-2BB9-4D59-8855-0EB72D8CBFFF} = {34B6C7EC-8ED7-4184-8739-2F03F4C4C560}
	EndGlobalSection
	GlobalSection(ExtensibilityGlobals) = postSolution
		SolutionGuid = {AB464726-DB96-47C5-8B85-B5B072489AB1}
	EndGlobalSection
EndGlobal
