
Microsoft Visual Studio Solution File, Format Version 12.00
# Visual Studio Version 16
VisualStudioVersion = 16.0.30309.148
MinimumVisualStudioVersion = 10.0.40219.1
Project("{8BC9CEB8-8B4A-11D0-8D11-00A0C91BC942}") = "C2", "C2\C2.vcxproj", "{535AC82E-B45E-4135-ADEC-B6106437EF8F}"
EndProject
Project("{2150E333-8FDC-42A3-9474-1A3956D46DE8}") = "W1", "W1", "{FAEB4622-6290-49F7-B3DB-0D1C2B618A0A}"
EndProject
Project("{2150E333-8FDC-42A3-9474-1A3956D46DE8}") = "ProgrammingAssignments", "ProgrammingAssignments", "{CDF5DEFE-7E38-46A8-9585-CABC87178DF3}"
EndProject
Project("{8BC9CEB8-8B4A-11D0-8D11-00A0C91BC942}") = "PA1_MatrixAddition", "PA1_MatrixAddition\PA1_MatrixAddition.vcxproj", "{BB1B301D-4E81-4E49-A675-B8031B886A8A}"
EndProject
Project("{2150E333-8FDC-42A3-9474-1A3956D46DE8}") = "IntegerTypes", "IntegerTypes", "{D69FAC49-B25D-4FF7-B3C3-36BCA51B6588}"
EndProject
Project("{8BC9CEB8-8B4A-11D0-8D11-00A0C91BC942}") = "1_IntroductionToIntegerTypes", "1_IntroductionToIntegerTypes\1_IntroductionToIntegerTypes.vcxproj", "{40D9E8BF-68AB-46E6-893D-55EC4E4D687C}"
EndProject
Project("{8BC9CEB8-8B4A-11D0-8D11-00A0C91BC942}") = "2_IntegerTypesConversions", "2_IntegerTypesConversions\2_IntegerTypesConversions.vcxproj", "{9D9A07DB-F5FE-4FE7-A769-C3CE08B715BC}"
EndProject
Project("{8BC9CEB8-8B4A-11D0-8D11-00A0C91BC942}") = "3_SafeUsageOfIntegerTypes", "3_SafeUsageOfIntegerTypes\3_SafeUsageOfIntegerTypes.vcxproj", "{6BF33299-93A9-4289-B202-9A967D5EE61B}"
EndProject
Project("{8BC9CEB8-8B4A-11D0-8D11-00A0C91BC942}") = "4_EnumTypesAndSwithcOperator", "4_EnumTypesAndSwithcOperator\4_EnumTypesAndSwithcOperator.vcxproj", "{23D3BDD4-2BDC-4D65-AF42-3856C2DB1E8A}"
EndProject
Project("{8BC9CEB8-8B4A-11D0-8D11-00A0C91BC942}") = "PA2_AverageTemperature2", "PA2_AverageTemperature2\PA2_AverageTemperature2.vcxproj", "{39A5196F-6476-42DA-B368-DB631F63C812}"
EndProject
Project("{8BC9CEB8-8B4A-11D0-8D11-00A0C91BC942}") = "PA3_WeightOfBlocks", "PA3_WeightOfBlocks\PA3_WeightOfBlocks.vcxproj", "{F6AF460E-328C-4688-BEE5-7AE9CFE74705}"
EndProject
Project("{2150E333-8FDC-42A3-9474-1A3956D46DE8}") = "TuplesAndPairs", "TuplesAndPairs", "{0564137D-745C-433E-859E-F6FDDE84ECF3}"
EndProject
Project("{8BC9CEB8-8B4A-11D0-8D11-00A0C91BC942}") = "1_SimplifingComparisonOperator", "1_SimplifingComparisonOperator\1_SimplifingComparisonOperator.vcxproj", "{019A5F26-5D66-4E5C-AF5E-4845BFFDE51D}"
EndProject
Project("{8BC9CEB8-8B4A-11D0-8D11-00A0C91BC942}") = "2_TuplesAndPairs", "2_TuplesAndPairs\2_TuplesAndPairs.vcxproj", "{2CFBE474-2B17-4071-9246-69B07EE951E3}"
EndProject
Project("{8BC9CEB8-8B4A-11D0-8D11-00A0C91BC942}") = "3_ReturningSeveralValuesFromAFunction", "3_ReturningSeveralValuesFromAFunction\3_ReturningSeveralValuesFromAFunction.vcxproj", "{B9FC832F-F606-4B3D-BCF2-287DED1F844F}"
EndProject
Project("{8BC9CEB8-8B4A-11D0-8D11-00A0C91BC942}") = "PA4_BaseOfRegions", "PA4_BaseOfRegions\PA4_BaseOfRegions.vcxproj", "{236EC8AF-E426-41E7-B452-C971321338BD}"
EndProject
Project("{8BC9CEB8-8B4A-11D0-8D11-00A0C91BC942}") = "PA5_TaskTracker", "PA5_TaskTracker\PA5_TaskTracker.vcxproj", "{B3A1D1BB-BFE7-4726-86AE-BB097C2646BF}"
EndProject
Project("{2150E333-8FDC-42A3-9474-1A3956D46DE8}") = "FunctionTemplates", "FunctionTemplates", "{759F891B-042E-4BF0-977F-7722A2FE4285}"
EndProject
Project("{8BC9CEB8-8B4A-11D0-8D11-00A0C91BC942}") = "1_IntroductionToTemplates", "IntroductionToTemplates\IntroductionToTemplates.vcxproj", "{64807895-4CC1-40AA-A9C5-1413DD6DB331}"
EndProject
Project("{8BC9CEB8-8B4A-11D0-8D11-00A0C91BC942}") = "2_UniversalFunctionsForOutputingContainersIntoStream", "2_UniversalFunctionsForOutputingContainersIntoStream\2_UniversalFunctionsForOutputingContainersIntoStream.vcxproj", "{77100CC0-536F-4F53-AFE4-949DD595762C}"
EndProject
Project("{8BC9CEB8-8B4A-11D0-8D11-00A0C91BC942}") = "3_CodeRefactoringAndImprovingReadablitiy", "3_CodeRefactoringAndImprovingReadablitiy\3_CodeRefactoringAndImprovingReadablitiy.vcxproj", "{AD5CF966-EAD8-41D3-B688-47CB67E47D46}"
EndProject
Project("{8BC9CEB8-8B4A-11D0-8D11-00A0C91BC942}") = "4_SpecifyingTemplateTypeParameter", "4_SpecifyingTemplateTypeParameter\4_SpecifyingTemplateTypeParameter.vcxproj", "{8A92BB27-96D8-4121-8363-402F8C1471CC}"
EndProject
Project("{8BC9CEB8-8B4A-11D0-8D11-00A0C91BC942}") = "PA6_EverythingToSquare", "PA6_EverythingToSquare\PA6_EverythingToSquare.vcxproj", "{577560C7-478D-4436-BF1B-01D137E0F964}"
EndProject
Project("{8BC9CEB8-8B4A-11D0-8D11-00A0C91BC942}") = "PA7_ReferenceToElement", "PA7_ReferenceToElement\PA7_ReferenceToElement.vcxproj", "{AFB90936-0C15-4693-A3B8-AC5AA35D12DE}"
EndProject
Project("{2150E333-8FDC-42A3-9474-1A3956D46DE8}") = "W2", "W2", "{4BF2B86A-A13D-4559-BBA7-BAAF1AFEFD74}"
EndProject
Project("{2150E333-8FDC-42A3-9474-1A3956D46DE8}") = "UsingUnitTestsToDebugProgram", "UsingUnitTestsToDebugProgram", "{46BA8537-B9AF-47CD-806E-8925AACCBF25}"
EndProject
Project("{8BC9CEB8-8B4A-11D0-8D11-00A0C91BC942}") = "1_SynonymsTaskDecomposition", "W2\UsingUnitTestToDebugProgram\1_IntroductionToUnitTests\1_IntroductionToUnitTests.vcxproj", "{751CBF75-FE6B-414B-BC56-C27B65B2E1A4}"
EndProject
Project("{8BC9CEB8-8B4A-11D0-8D11-00A0C91BC942}") = "2_SimpliestWayToCreateUnitTestCpp", "W2\UsingUnitTestToDebugProgram\2_SimpliestWayToCreateUnitTestCpp\2_SimpliestWayToCreateUnitTestCpp.vcxproj", "{D1540D72-D5C6-4981-8467-DF9729C93C92}"
EndProject
Project("{8BC9CEB8-8B4A-11D0-8D11-00A0C91BC942}") = "3_DebuggingSynonymsTaskWithUnitTests", "W2\UsingUnitTestToDebugProgram\3_DebuggingSynonymsTaskWithUnitTests\3_DebuggingSynonymsTaskWithUnitTests.vcxproj", "{051B5769-6117-4811-8EB9-3121AC3426F3}"
EndProject
Project("{2150E333-8FDC-42A3-9474-1A3956D46DE8}") = "ProgrammingAssignments", "ProgrammingAssignments", "{0EAFFCC3-9E78-4BA0-B9D4-E60B4BE6D43C}"
EndProject
Project("{8BC9CEB8-8B4A-11D0-8D11-00A0C91BC942}") = "PA1_ProgramDecomposition", "W2\ProgrammingAssignments\PA1_ProgramDecomposition\PA1_ProgramDecomposition.vcxproj", "{D340F988-37E2-428A-836B-9646339FBAF5}"
EndProject
Project("{2150E333-8FDC-42A3-9474-1A3956D46DE8}") = "ImplementingUnitTestFrameworkStart", "ImplementingUnitTestFrameworkStart", "{2044AD1D-9F5E-4F4E-BE75-58CFC3D9EBF7}"
EndProject
Project("{8BC9CEB8-8B4A-11D0-8D11-00A0C91BC942}") = "1_ImprovingAssert", "W2\ImplementingUnitTestFrameworkStart\1_AnalyzingUnitTestFrameworkDisadvantages\1_AnalyzingUnitTestFrameworkDisadvantages.vcxproj", "{EA0744C1-140C-43AA-AF48-72CBF4B92F8D}"
EndProject
Project("{8BC9CEB8-8B4A-11D0-8D11-00A0C91BC942}") = "2_IntegratingAssertEqualToAllUnitTests", "W2\ImplementingUnitTestFrameworkStart\2_IntegratingAssertEqualToAllUnitTests\2_IntegratingAssertEqualToAllUnitTests.vcxproj", "{313E2A2B-5D89-479C-883C-A45A2F40BAB7}"
EndProject
Project("{8BC9CEB8-8B4A-11D0-8D11-00A0C91BC942}") = "3_IsolatingIndividualTestRunning", "W2\ImplementingUnitTestFrameworkStart\3_IsolatingIndividualTestRunning\3_IsolatingIndividualTestRunning.vcxproj", "{9A92BA62-8FB6-48DD-A52D-0BE9C09A2023}"
EndProject
Project("{2150E333-8FDC-42A3-9474-1A3956D46DE8}") = "ImplementingUnitTestFrameworkEnd", "ImplementingUnitTestFrameworkEnd", "{8A3EE3A4-9B97-49D2-A652-20C7AC2217AF}"
EndProject
Project("{8BC9CEB8-8B4A-11D0-8D11-00A0C91BC942}") = "1_GettingRidOfMixingTestAndMainProgram", "W2\ImplementingUnitTestFrameworkEnd\1_GettingRidOfMixingTestAndMainProgram\1_GettingRidOfMixingTestAndMainProgram.vcxproj", "{5D03F587-40D3-4A1D-8BB2-B19B005A1C30}"
EndProject
Project("{8BC9CEB8-8B4A-11D0-8D11-00A0C91BC942}") = "2_EnsuringRegularLaunchForUnitTests", "W2\ImplementingUnitTestFrameworkEnd\2_EnsuringRegularLaunchForUnitTests\2_EnsuringRegularLaunchForUnitTests.vcxproj", "{2191D1A2-F730-4CD8-8EE0-C76BBA089663}"
EndProject
Project("{8BC9CEB8-8B4A-11D0-8D11-00A0C91BC942}") = "PA2_GetDistinctRealRootCountTests", "W2\ProgrammingAssignments\PA2_GetDistinctRealRootCountTests\PA2_GetDistinctRealRootCountTests.vcxproj", "{265FC77D-5B13-4E2E-8F9E-6A5CF81F592B}"
EndProject
Global
	GlobalSection(SolutionConfigurationPlatforms) = preSolution
		Debug|x64 = Debug|x64
		Debug|x86 = Debug|x86
		Release|x64 = Release|x64
		Release|x86 = Release|x86
	EndGlobalSection
	GlobalSection(ProjectConfigurationPlatforms) = postSolution
		{535AC82E-B45E-4135-ADEC-B6106437EF8F}.Debug|x64.ActiveCfg = Debug|x64
		{535AC82E-B45E-4135-ADEC-B6106437EF8F}.Debug|x64.Build.0 = Debug|x64
		{535AC82E-B45E-4135-ADEC-B6106437EF8F}.Debug|x86.ActiveCfg = Debug|Win32
		{535AC82E-B45E-4135-ADEC-B6106437EF8F}.Debug|x86.Build.0 = Debug|Win32
		{535AC82E-B45E-4135-ADEC-B6106437EF8F}.Release|x64.ActiveCfg = Release|x64
		{535AC82E-B45E-4135-ADEC-B6106437EF8F}.Release|x64.Build.0 = Release|x64
		{535AC82E-B45E-4135-ADEC-B6106437EF8F}.Release|x86.ActiveCfg = Release|Win32
		{535AC82E-B45E-4135-ADEC-B6106437EF8F}.Release|x86.Build.0 = Release|Win32
		{BB1B301D-4E81-4E49-A675-B8031B886A8A}.Debug|x64.ActiveCfg = Debug|x64
		{BB1B301D-4E81-4E49-A675-B8031B886A8A}.Debug|x64.Build.0 = Debug|x64
		{BB1B301D-4E81-4E49-A675-B8031B886A8A}.Debug|x86.ActiveCfg = Debug|Win32
		{BB1B301D-4E81-4E49-A675-B8031B886A8A}.Debug|x86.Build.0 = Debug|Win32
		{BB1B301D-4E81-4E49-A675-B8031B886A8A}.Release|x64.ActiveCfg = Release|x64
		{BB1B301D-4E81-4E49-A675-B8031B886A8A}.Release|x64.Build.0 = Release|x64
		{BB1B301D-4E81-4E49-A675-B8031B886A8A}.Release|x86.ActiveCfg = Release|Win32
		{BB1B301D-4E81-4E49-A675-B8031B886A8A}.Release|x86.Build.0 = Release|Win32
		{40D9E8BF-68AB-46E6-893D-55EC4E4D687C}.Debug|x64.ActiveCfg = Debug|x64
		{40D9E8BF-68AB-46E6-893D-55EC4E4D687C}.Debug|x64.Build.0 = Debug|x64
		{40D9E8BF-68AB-46E6-893D-55EC4E4D687C}.Debug|x86.ActiveCfg = Debug|Win32
		{40D9E8BF-68AB-46E6-893D-55EC4E4D687C}.Debug|x86.Build.0 = Debug|Win32
		{40D9E8BF-68AB-46E6-893D-55EC4E4D687C}.Release|x64.ActiveCfg = Release|x64
		{40D9E8BF-68AB-46E6-893D-55EC4E4D687C}.Release|x64.Build.0 = Release|x64
		{40D9E8BF-68AB-46E6-893D-55EC4E4D687C}.Release|x86.ActiveCfg = Release|Win32
		{40D9E8BF-68AB-46E6-893D-55EC4E4D687C}.Release|x86.Build.0 = Release|Win32
		{9D9A07DB-F5FE-4FE7-A769-C3CE08B715BC}.Debug|x64.ActiveCfg = Debug|x64
		{9D9A07DB-F5FE-4FE7-A769-C3CE08B715BC}.Debug|x64.Build.0 = Debug|x64
		{9D9A07DB-F5FE-4FE7-A769-C3CE08B715BC}.Debug|x86.ActiveCfg = Debug|Win32
		{9D9A07DB-F5FE-4FE7-A769-C3CE08B715BC}.Debug|x86.Build.0 = Debug|Win32
		{9D9A07DB-F5FE-4FE7-A769-C3CE08B715BC}.Release|x64.ActiveCfg = Release|x64
		{9D9A07DB-F5FE-4FE7-A769-C3CE08B715BC}.Release|x64.Build.0 = Release|x64
		{9D9A07DB-F5FE-4FE7-A769-C3CE08B715BC}.Release|x86.ActiveCfg = Release|Win32
		{9D9A07DB-F5FE-4FE7-A769-C3CE08B715BC}.Release|x86.Build.0 = Release|Win32
		{6BF33299-93A9-4289-B202-9A967D5EE61B}.Debug|x64.ActiveCfg = Debug|x64
		{6BF33299-93A9-4289-B202-9A967D5EE61B}.Debug|x64.Build.0 = Debug|x64
		{6BF33299-93A9-4289-B202-9A967D5EE61B}.Debug|x86.ActiveCfg = Debug|Win32
		{6BF33299-93A9-4289-B202-9A967D5EE61B}.Debug|x86.Build.0 = Debug|Win32
		{6BF33299-93A9-4289-B202-9A967D5EE61B}.Release|x64.ActiveCfg = Release|x64
		{6BF33299-93A9-4289-B202-9A967D5EE61B}.Release|x64.Build.0 = Release|x64
		{6BF33299-93A9-4289-B202-9A967D5EE61B}.Release|x86.ActiveCfg = Release|Win32
		{6BF33299-93A9-4289-B202-9A967D5EE61B}.Release|x86.Build.0 = Release|Win32
		{23D3BDD4-2BDC-4D65-AF42-3856C2DB1E8A}.Debug|x64.ActiveCfg = Debug|x64
		{23D3BDD4-2BDC-4D65-AF42-3856C2DB1E8A}.Debug|x64.Build.0 = Debug|x64
		{23D3BDD4-2BDC-4D65-AF42-3856C2DB1E8A}.Debug|x86.ActiveCfg = Debug|Win32
		{23D3BDD4-2BDC-4D65-AF42-3856C2DB1E8A}.Debug|x86.Build.0 = Debug|Win32
		{23D3BDD4-2BDC-4D65-AF42-3856C2DB1E8A}.Release|x64.ActiveCfg = Release|x64
		{23D3BDD4-2BDC-4D65-AF42-3856C2DB1E8A}.Release|x64.Build.0 = Release|x64
		{23D3BDD4-2BDC-4D65-AF42-3856C2DB1E8A}.Release|x86.ActiveCfg = Release|Win32
		{23D3BDD4-2BDC-4D65-AF42-3856C2DB1E8A}.Release|x86.Build.0 = Release|Win32
		{39A5196F-6476-42DA-B368-DB631F63C812}.Debug|x64.ActiveCfg = Debug|x64
		{39A5196F-6476-42DA-B368-DB631F63C812}.Debug|x64.Build.0 = Debug|x64
		{39A5196F-6476-42DA-B368-DB631F63C812}.Debug|x86.ActiveCfg = Debug|Win32
		{39A5196F-6476-42DA-B368-DB631F63C812}.Debug|x86.Build.0 = Debug|Win32
		{39A5196F-6476-42DA-B368-DB631F63C812}.Release|x64.ActiveCfg = Release|x64
		{39A5196F-6476-42DA-B368-DB631F63C812}.Release|x64.Build.0 = Release|x64
		{39A5196F-6476-42DA-B368-DB631F63C812}.Release|x86.ActiveCfg = Release|Win32
		{39A5196F-6476-42DA-B368-DB631F63C812}.Release|x86.Build.0 = Release|Win32
		{F6AF460E-328C-4688-BEE5-7AE9CFE74705}.Debug|x64.ActiveCfg = Debug|x64
		{F6AF460E-328C-4688-BEE5-7AE9CFE74705}.Debug|x64.Build.0 = Debug|x64
		{F6AF460E-328C-4688-BEE5-7AE9CFE74705}.Debug|x86.ActiveCfg = Debug|Win32
		{F6AF460E-328C-4688-BEE5-7AE9CFE74705}.Debug|x86.Build.0 = Debug|Win32
		{F6AF460E-328C-4688-BEE5-7AE9CFE74705}.Release|x64.ActiveCfg = Release|x64
		{F6AF460E-328C-4688-BEE5-7AE9CFE74705}.Release|x64.Build.0 = Release|x64
		{F6AF460E-328C-4688-BEE5-7AE9CFE74705}.Release|x86.ActiveCfg = Release|Win32
		{F6AF460E-328C-4688-BEE5-7AE9CFE74705}.Release|x86.Build.0 = Release|Win32
		{019A5F26-5D66-4E5C-AF5E-4845BFFDE51D}.Debug|x64.ActiveCfg = Debug|x64
		{019A5F26-5D66-4E5C-AF5E-4845BFFDE51D}.Debug|x64.Build.0 = Debug|x64
		{019A5F26-5D66-4E5C-AF5E-4845BFFDE51D}.Debug|x86.ActiveCfg = Debug|Win32
		{019A5F26-5D66-4E5C-AF5E-4845BFFDE51D}.Debug|x86.Build.0 = Debug|Win32
		{019A5F26-5D66-4E5C-AF5E-4845BFFDE51D}.Release|x64.ActiveCfg = Release|x64
		{019A5F26-5D66-4E5C-AF5E-4845BFFDE51D}.Release|x64.Build.0 = Release|x64
		{019A5F26-5D66-4E5C-AF5E-4845BFFDE51D}.Release|x86.ActiveCfg = Release|Win32
		{019A5F26-5D66-4E5C-AF5E-4845BFFDE51D}.Release|x86.Build.0 = Release|Win32
		{2CFBE474-2B17-4071-9246-69B07EE951E3}.Debug|x64.ActiveCfg = Debug|x64
		{2CFBE474-2B17-4071-9246-69B07EE951E3}.Debug|x64.Build.0 = Debug|x64
		{2CFBE474-2B17-4071-9246-69B07EE951E3}.Debug|x86.ActiveCfg = Debug|Win32
		{2CFBE474-2B17-4071-9246-69B07EE951E3}.Debug|x86.Build.0 = Debug|Win32
		{2CFBE474-2B17-4071-9246-69B07EE951E3}.Release|x64.ActiveCfg = Release|x64
		{2CFBE474-2B17-4071-9246-69B07EE951E3}.Release|x64.Build.0 = Release|x64
		{2CFBE474-2B17-4071-9246-69B07EE951E3}.Release|x86.ActiveCfg = Release|Win32
		{2CFBE474-2B17-4071-9246-69B07EE951E3}.Release|x86.Build.0 = Release|Win32
		{B9FC832F-F606-4B3D-BCF2-287DED1F844F}.Debug|x64.ActiveCfg = Debug|x64
		{B9FC832F-F606-4B3D-BCF2-287DED1F844F}.Debug|x64.Build.0 = Debug|x64
		{B9FC832F-F606-4B3D-BCF2-287DED1F844F}.Debug|x86.ActiveCfg = Debug|Win32
		{B9FC832F-F606-4B3D-BCF2-287DED1F844F}.Debug|x86.Build.0 = Debug|Win32
		{B9FC832F-F606-4B3D-BCF2-287DED1F844F}.Release|x64.ActiveCfg = Release|x64
		{B9FC832F-F606-4B3D-BCF2-287DED1F844F}.Release|x64.Build.0 = Release|x64
		{B9FC832F-F606-4B3D-BCF2-287DED1F844F}.Release|x86.ActiveCfg = Release|Win32
		{B9FC832F-F606-4B3D-BCF2-287DED1F844F}.Release|x86.Build.0 = Release|Win32
		{236EC8AF-E426-41E7-B452-C971321338BD}.Debug|x64.ActiveCfg = Debug|x64
		{236EC8AF-E426-41E7-B452-C971321338BD}.Debug|x64.Build.0 = Debug|x64
		{236EC8AF-E426-41E7-B452-C971321338BD}.Debug|x86.ActiveCfg = Debug|Win32
		{236EC8AF-E426-41E7-B452-C971321338BD}.Debug|x86.Build.0 = Debug|Win32
		{236EC8AF-E426-41E7-B452-C971321338BD}.Release|x64.ActiveCfg = Release|x64
		{236EC8AF-E426-41E7-B452-C971321338BD}.Release|x64.Build.0 = Release|x64
		{236EC8AF-E426-41E7-B452-C971321338BD}.Release|x86.ActiveCfg = Release|Win32
		{236EC8AF-E426-41E7-B452-C971321338BD}.Release|x86.Build.0 = Release|Win32
		{B3A1D1BB-BFE7-4726-86AE-BB097C2646BF}.Debug|x64.ActiveCfg = Debug|x64
		{B3A1D1BB-BFE7-4726-86AE-BB097C2646BF}.Debug|x64.Build.0 = Debug|x64
		{B3A1D1BB-BFE7-4726-86AE-BB097C2646BF}.Debug|x86.ActiveCfg = Debug|Win32
		{B3A1D1BB-BFE7-4726-86AE-BB097C2646BF}.Debug|x86.Build.0 = Debug|Win32
		{B3A1D1BB-BFE7-4726-86AE-BB097C2646BF}.Release|x64.ActiveCfg = Release|x64
		{B3A1D1BB-BFE7-4726-86AE-BB097C2646BF}.Release|x64.Build.0 = Release|x64
		{B3A1D1BB-BFE7-4726-86AE-BB097C2646BF}.Release|x86.ActiveCfg = Release|Win32
		{B3A1D1BB-BFE7-4726-86AE-BB097C2646BF}.Release|x86.Build.0 = Release|Win32
		{64807895-4CC1-40AA-A9C5-1413DD6DB331}.Debug|x64.ActiveCfg = Debug|x64
		{64807895-4CC1-40AA-A9C5-1413DD6DB331}.Debug|x64.Build.0 = Debug|x64
		{64807895-4CC1-40AA-A9C5-1413DD6DB331}.Debug|x86.ActiveCfg = Debug|Win32
		{64807895-4CC1-40AA-A9C5-1413DD6DB331}.Debug|x86.Build.0 = Debug|Win32
		{64807895-4CC1-40AA-A9C5-1413DD6DB331}.Release|x64.ActiveCfg = Release|x64
		{64807895-4CC1-40AA-A9C5-1413DD6DB331}.Release|x64.Build.0 = Release|x64
		{64807895-4CC1-40AA-A9C5-1413DD6DB331}.Release|x86.ActiveCfg = Release|Win32
		{64807895-4CC1-40AA-A9C5-1413DD6DB331}.Release|x86.Build.0 = Release|Win32
		{77100CC0-536F-4F53-AFE4-949DD595762C}.Debug|x64.ActiveCfg = Debug|x64
		{77100CC0-536F-4F53-AFE4-949DD595762C}.Debug|x64.Build.0 = Debug|x64
		{77100CC0-536F-4F53-AFE4-949DD595762C}.Debug|x86.ActiveCfg = Debug|Win32
		{77100CC0-536F-4F53-AFE4-949DD595762C}.Debug|x86.Build.0 = Debug|Win32
		{77100CC0-536F-4F53-AFE4-949DD595762C}.Release|x64.ActiveCfg = Release|x64
		{77100CC0-536F-4F53-AFE4-949DD595762C}.Release|x64.Build.0 = Release|x64
		{77100CC0-536F-4F53-AFE4-949DD595762C}.Release|x86.ActiveCfg = Release|Win32
		{77100CC0-536F-4F53-AFE4-949DD595762C}.Release|x86.Build.0 = Release|Win32
		{AD5CF966-EAD8-41D3-B688-47CB67E47D46}.Debug|x64.ActiveCfg = Debug|x64
		{AD5CF966-EAD8-41D3-B688-47CB67E47D46}.Debug|x64.Build.0 = Debug|x64
		{AD5CF966-EAD8-41D3-B688-47CB67E47D46}.Debug|x86.ActiveCfg = Debug|Win32
		{AD5CF966-EAD8-41D3-B688-47CB67E47D46}.Debug|x86.Build.0 = Debug|Win32
		{AD5CF966-EAD8-41D3-B688-47CB67E47D46}.Release|x64.ActiveCfg = Release|x64
		{AD5CF966-EAD8-41D3-B688-47CB67E47D46}.Release|x64.Build.0 = Release|x64
		{AD5CF966-EAD8-41D3-B688-47CB67E47D46}.Release|x86.ActiveCfg = Release|Win32
		{AD5CF966-EAD8-41D3-B688-47CB67E47D46}.Release|x86.Build.0 = Release|Win32
		{8A92BB27-96D8-4121-8363-402F8C1471CC}.Debug|x64.ActiveCfg = Debug|x64
		{8A92BB27-96D8-4121-8363-402F8C1471CC}.Debug|x64.Build.0 = Debug|x64
		{8A92BB27-96D8-4121-8363-402F8C1471CC}.Debug|x86.ActiveCfg = Debug|Win32
		{8A92BB27-96D8-4121-8363-402F8C1471CC}.Debug|x86.Build.0 = Debug|Win32
		{8A92BB27-96D8-4121-8363-402F8C1471CC}.Release|x64.ActiveCfg = Release|x64
		{8A92BB27-96D8-4121-8363-402F8C1471CC}.Release|x64.Build.0 = Release|x64
		{8A92BB27-96D8-4121-8363-402F8C1471CC}.Release|x86.ActiveCfg = Release|Win32
		{8A92BB27-96D8-4121-8363-402F8C1471CC}.Release|x86.Build.0 = Release|Win32
		{577560C7-478D-4436-BF1B-01D137E0F964}.Debug|x64.ActiveCfg = Debug|x64
		{577560C7-478D-4436-BF1B-01D137E0F964}.Debug|x64.Build.0 = Debug|x64
		{577560C7-478D-4436-BF1B-01D137E0F964}.Debug|x86.ActiveCfg = Debug|Win32
		{577560C7-478D-4436-BF1B-01D137E0F964}.Debug|x86.Build.0 = Debug|Win32
		{577560C7-478D-4436-BF1B-01D137E0F964}.Release|x64.ActiveCfg = Release|x64
		{577560C7-478D-4436-BF1B-01D137E0F964}.Release|x64.Build.0 = Release|x64
		{577560C7-478D-4436-BF1B-01D137E0F964}.Release|x86.ActiveCfg = Release|Win32
		{577560C7-478D-4436-BF1B-01D137E0F964}.Release|x86.Build.0 = Release|Win32
		{AFB90936-0C15-4693-A3B8-AC5AA35D12DE}.Debug|x64.ActiveCfg = Debug|x64
		{AFB90936-0C15-4693-A3B8-AC5AA35D12DE}.Debug|x64.Build.0 = Debug|x64
		{AFB90936-0C15-4693-A3B8-AC5AA35D12DE}.Debug|x86.ActiveCfg = Debug|Win32
		{AFB90936-0C15-4693-A3B8-AC5AA35D12DE}.Debug|x86.Build.0 = Debug|Win32
		{AFB90936-0C15-4693-A3B8-AC5AA35D12DE}.Release|x64.ActiveCfg = Release|x64
		{AFB90936-0C15-4693-A3B8-AC5AA35D12DE}.Release|x64.Build.0 = Release|x64
		{AFB90936-0C15-4693-A3B8-AC5AA35D12DE}.Release|x86.ActiveCfg = Release|Win32
		{AFB90936-0C15-4693-A3B8-AC5AA35D12DE}.Release|x86.Build.0 = Release|Win32
		{751CBF75-FE6B-414B-BC56-C27B65B2E1A4}.Debug|x64.ActiveCfg = Debug|x64
		{751CBF75-FE6B-414B-BC56-C27B65B2E1A4}.Debug|x64.Build.0 = Debug|x64
		{751CBF75-FE6B-414B-BC56-C27B65B2E1A4}.Debug|x86.ActiveCfg = Debug|Win32
		{751CBF75-FE6B-414B-BC56-C27B65B2E1A4}.Debug|x86.Build.0 = Debug|Win32
		{751CBF75-FE6B-414B-BC56-C27B65B2E1A4}.Release|x64.ActiveCfg = Release|x64
		{751CBF75-FE6B-414B-BC56-C27B65B2E1A4}.Release|x64.Build.0 = Release|x64
		{751CBF75-FE6B-414B-BC56-C27B65B2E1A4}.Release|x86.ActiveCfg = Release|Win32
		{751CBF75-FE6B-414B-BC56-C27B65B2E1A4}.Release|x86.Build.0 = Release|Win32
		{D1540D72-D5C6-4981-8467-DF9729C93C92}.Debug|x64.ActiveCfg = Debug|x64
		{D1540D72-D5C6-4981-8467-DF9729C93C92}.Debug|x64.Build.0 = Debug|x64
		{D1540D72-D5C6-4981-8467-DF9729C93C92}.Debug|x86.ActiveCfg = Debug|Win32
		{D1540D72-D5C6-4981-8467-DF9729C93C92}.Debug|x86.Build.0 = Debug|Win32
		{D1540D72-D5C6-4981-8467-DF9729C93C92}.Release|x64.ActiveCfg = Release|x64
		{D1540D72-D5C6-4981-8467-DF9729C93C92}.Release|x64.Build.0 = Release|x64
		{D1540D72-D5C6-4981-8467-DF9729C93C92}.Release|x86.ActiveCfg = Release|Win32
		{D1540D72-D5C6-4981-8467-DF9729C93C92}.Release|x86.Build.0 = Release|Win32
		{051B5769-6117-4811-8EB9-3121AC3426F3}.Debug|x64.ActiveCfg = Debug|x64
		{051B5769-6117-4811-8EB9-3121AC3426F3}.Debug|x64.Build.0 = Debug|x64
		{051B5769-6117-4811-8EB9-3121AC3426F3}.Debug|x86.ActiveCfg = Debug|Win32
		{051B5769-6117-4811-8EB9-3121AC3426F3}.Debug|x86.Build.0 = Debug|Win32
		{051B5769-6117-4811-8EB9-3121AC3426F3}.Release|x64.ActiveCfg = Release|x64
		{051B5769-6117-4811-8EB9-3121AC3426F3}.Release|x64.Build.0 = Release|x64
		{051B5769-6117-4811-8EB9-3121AC3426F3}.Release|x86.ActiveCfg = Release|Win32
		{051B5769-6117-4811-8EB9-3121AC3426F3}.Release|x86.Build.0 = Release|Win32
		{D340F988-37E2-428A-836B-9646339FBAF5}.Debug|x64.ActiveCfg = Debug|x64
		{D340F988-37E2-428A-836B-9646339FBAF5}.Debug|x64.Build.0 = Debug|x64
		{D340F988-37E2-428A-836B-9646339FBAF5}.Debug|x86.ActiveCfg = Debug|Win32
		{D340F988-37E2-428A-836B-9646339FBAF5}.Debug|x86.Build.0 = Debug|Win32
		{D340F988-37E2-428A-836B-9646339FBAF5}.Release|x64.ActiveCfg = Release|x64
		{D340F988-37E2-428A-836B-9646339FBAF5}.Release|x64.Build.0 = Release|x64
		{D340F988-37E2-428A-836B-9646339FBAF5}.Release|x86.ActiveCfg = Release|Win32
		{D340F988-37E2-428A-836B-9646339FBAF5}.Release|x86.Build.0 = Release|Win32
		{EA0744C1-140C-43AA-AF48-72CBF4B92F8D}.Debug|x64.ActiveCfg = Debug|x64
		{EA0744C1-140C-43AA-AF48-72CBF4B92F8D}.Debug|x64.Build.0 = Debug|x64
		{EA0744C1-140C-43AA-AF48-72CBF4B92F8D}.Debug|x86.ActiveCfg = Debug|Win32
		{EA0744C1-140C-43AA-AF48-72CBF4B92F8D}.Debug|x86.Build.0 = Debug|Win32
		{EA0744C1-140C-43AA-AF48-72CBF4B92F8D}.Release|x64.ActiveCfg = Release|x64
		{EA0744C1-140C-43AA-AF48-72CBF4B92F8D}.Release|x64.Build.0 = Release|x64
		{EA0744C1-140C-43AA-AF48-72CBF4B92F8D}.Release|x86.ActiveCfg = Release|Win32
		{EA0744C1-140C-43AA-AF48-72CBF4B92F8D}.Release|x86.Build.0 = Release|Win32
		{313E2A2B-5D89-479C-883C-A45A2F40BAB7}.Debug|x64.ActiveCfg = Debug|x64
		{313E2A2B-5D89-479C-883C-A45A2F40BAB7}.Debug|x64.Build.0 = Debug|x64
		{313E2A2B-5D89-479C-883C-A45A2F40BAB7}.Debug|x86.ActiveCfg = Debug|Win32
		{313E2A2B-5D89-479C-883C-A45A2F40BAB7}.Debug|x86.Build.0 = Debug|Win32
		{313E2A2B-5D89-479C-883C-A45A2F40BAB7}.Release|x64.ActiveCfg = Release|x64
		{313E2A2B-5D89-479C-883C-A45A2F40BAB7}.Release|x64.Build.0 = Release|x64
		{313E2A2B-5D89-479C-883C-A45A2F40BAB7}.Release|x86.ActiveCfg = Release|Win32
		{313E2A2B-5D89-479C-883C-A45A2F40BAB7}.Release|x86.Build.0 = Release|Win32
		{9A92BA62-8FB6-48DD-A52D-0BE9C09A2023}.Debug|x64.ActiveCfg = Debug|x64
		{9A92BA62-8FB6-48DD-A52D-0BE9C09A2023}.Debug|x64.Build.0 = Debug|x64
		{9A92BA62-8FB6-48DD-A52D-0BE9C09A2023}.Debug|x86.ActiveCfg = Debug|Win32
		{9A92BA62-8FB6-48DD-A52D-0BE9C09A2023}.Debug|x86.Build.0 = Debug|Win32
		{9A92BA62-8FB6-48DD-A52D-0BE9C09A2023}.Release|x64.ActiveCfg = Release|x64
		{9A92BA62-8FB6-48DD-A52D-0BE9C09A2023}.Release|x64.Build.0 = Release|x64
		{9A92BA62-8FB6-48DD-A52D-0BE9C09A2023}.Release|x86.ActiveCfg = Release|Win32
		{9A92BA62-8FB6-48DD-A52D-0BE9C09A2023}.Release|x86.Build.0 = Release|Win32
		{5D03F587-40D3-4A1D-8BB2-B19B005A1C30}.Debug|x64.ActiveCfg = Debug|x64
		{5D03F587-40D3-4A1D-8BB2-B19B005A1C30}.Debug|x64.Build.0 = Debug|x64
		{5D03F587-40D3-4A1D-8BB2-B19B005A1C30}.Debug|x86.ActiveCfg = Debug|Win32
		{5D03F587-40D3-4A1D-8BB2-B19B005A1C30}.Debug|x86.Build.0 = Debug|Win32
		{5D03F587-40D3-4A1D-8BB2-B19B005A1C30}.Release|x64.ActiveCfg = Release|x64
		{5D03F587-40D3-4A1D-8BB2-B19B005A1C30}.Release|x64.Build.0 = Release|x64
		{5D03F587-40D3-4A1D-8BB2-B19B005A1C30}.Release|x86.ActiveCfg = Release|Win32
		{5D03F587-40D3-4A1D-8BB2-B19B005A1C30}.Release|x86.Build.0 = Release|Win32
		{2191D1A2-F730-4CD8-8EE0-C76BBA089663}.Debug|x64.ActiveCfg = Debug|x64
		{2191D1A2-F730-4CD8-8EE0-C76BBA089663}.Debug|x64.Build.0 = Debug|x64
		{2191D1A2-F730-4CD8-8EE0-C76BBA089663}.Debug|x86.ActiveCfg = Debug|Win32
		{2191D1A2-F730-4CD8-8EE0-C76BBA089663}.Debug|x86.Build.0 = Debug|Win32
		{2191D1A2-F730-4CD8-8EE0-C76BBA089663}.Release|x64.ActiveCfg = Release|x64
		{2191D1A2-F730-4CD8-8EE0-C76BBA089663}.Release|x64.Build.0 = Release|x64
		{2191D1A2-F730-4CD8-8EE0-C76BBA089663}.Release|x86.ActiveCfg = Release|Win32
		{2191D1A2-F730-4CD8-8EE0-C76BBA089663}.Release|x86.Build.0 = Release|Win32
		{265FC77D-5B13-4E2E-8F9E-6A5CF81F592B}.Debug|x64.ActiveCfg = Debug|x64
		{265FC77D-5B13-4E2E-8F9E-6A5CF81F592B}.Debug|x64.Build.0 = Debug|x64
		{265FC77D-5B13-4E2E-8F9E-6A5CF81F592B}.Debug|x86.ActiveCfg = Debug|Win32
		{265FC77D-5B13-4E2E-8F9E-6A5CF81F592B}.Debug|x86.Build.0 = Debug|Win32
		{265FC77D-5B13-4E2E-8F9E-6A5CF81F592B}.Release|x64.ActiveCfg = Release|x64
		{265FC77D-5B13-4E2E-8F9E-6A5CF81F592B}.Release|x64.Build.0 = Release|x64
		{265FC77D-5B13-4E2E-8F9E-6A5CF81F592B}.Release|x86.ActiveCfg = Release|Win32
		{265FC77D-5B13-4E2E-8F9E-6A5CF81F592B}.Release|x86.Build.0 = Release|Win32
	EndGlobalSection
	GlobalSection(SolutionProperties) = preSolution
		HideSolutionNode = FALSE
	EndGlobalSection
	GlobalSection(NestedProjects) = preSolution
		{CDF5DEFE-7E38-46A8-9585-CABC87178DF3} = {FAEB4622-6290-49F7-B3DB-0D1C2B618A0A}
		{BB1B301D-4E81-4E49-A675-B8031B886A8A} = {CDF5DEFE-7E38-46A8-9585-CABC87178DF3}
		{D69FAC49-B25D-4FF7-B3C3-36BCA51B6588} = {FAEB4622-6290-49F7-B3DB-0D1C2B618A0A}
		{40D9E8BF-68AB-46E6-893D-55EC4E4D687C} = {D69FAC49-B25D-4FF7-B3C3-36BCA51B6588}
		{9D9A07DB-F5FE-4FE7-A769-C3CE08B715BC} = {D69FAC49-B25D-4FF7-B3C3-36BCA51B6588}
		{6BF33299-93A9-4289-B202-9A967D5EE61B} = {D69FAC49-B25D-4FF7-B3C3-36BCA51B6588}
		{23D3BDD4-2BDC-4D65-AF42-3856C2DB1E8A} = {D69FAC49-B25D-4FF7-B3C3-36BCA51B6588}
		{39A5196F-6476-42DA-B368-DB631F63C812} = {CDF5DEFE-7E38-46A8-9585-CABC87178DF3}
		{F6AF460E-328C-4688-BEE5-7AE9CFE74705} = {CDF5DEFE-7E38-46A8-9585-CABC87178DF3}
		{0564137D-745C-433E-859E-F6FDDE84ECF3} = {FAEB4622-6290-49F7-B3DB-0D1C2B618A0A}
		{019A5F26-5D66-4E5C-AF5E-4845BFFDE51D} = {0564137D-745C-433E-859E-F6FDDE84ECF3}
		{2CFBE474-2B17-4071-9246-69B07EE951E3} = {0564137D-745C-433E-859E-F6FDDE84ECF3}
		{B9FC832F-F606-4B3D-BCF2-287DED1F844F} = {0564137D-745C-433E-859E-F6FDDE84ECF3}
		{236EC8AF-E426-41E7-B452-C971321338BD} = {CDF5DEFE-7E38-46A8-9585-CABC87178DF3}
		{B3A1D1BB-BFE7-4726-86AE-BB097C2646BF} = {CDF5DEFE-7E38-46A8-9585-CABC87178DF3}
		{759F891B-042E-4BF0-977F-7722A2FE4285} = {FAEB4622-6290-49F7-B3DB-0D1C2B618A0A}
		{64807895-4CC1-40AA-A9C5-1413DD6DB331} = {759F891B-042E-4BF0-977F-7722A2FE4285}
		{77100CC0-536F-4F53-AFE4-949DD595762C} = {759F891B-042E-4BF0-977F-7722A2FE4285}
		{AD5CF966-EAD8-41D3-B688-47CB67E47D46} = {759F891B-042E-4BF0-977F-7722A2FE4285}
		{8A92BB27-96D8-4121-8363-402F8C1471CC} = {759F891B-042E-4BF0-977F-7722A2FE4285}
		{577560C7-478D-4436-BF1B-01D137E0F964} = {CDF5DEFE-7E38-46A8-9585-CABC87178DF3}
		{AFB90936-0C15-4693-A3B8-AC5AA35D12DE} = {CDF5DEFE-7E38-46A8-9585-CABC87178DF3}
		{46BA8537-B9AF-47CD-806E-8925AACCBF25} = {4BF2B86A-A13D-4559-BBA7-BAAF1AFEFD74}
		{751CBF75-FE6B-414B-BC56-C27B65B2E1A4} = {46BA8537-B9AF-47CD-806E-8925AACCBF25}
		{D1540D72-D5C6-4981-8467-DF9729C93C92} = {46BA8537-B9AF-47CD-806E-8925AACCBF25}
		{051B5769-6117-4811-8EB9-3121AC3426F3} = {46BA8537-B9AF-47CD-806E-8925AACCBF25}
		{0EAFFCC3-9E78-4BA0-B9D4-E60B4BE6D43C} = {4BF2B86A-A13D-4559-BBA7-BAAF1AFEFD74}
		{D340F988-37E2-428A-836B-9646339FBAF5} = {0EAFFCC3-9E78-4BA0-B9D4-E60B4BE6D43C}
		{2044AD1D-9F5E-4F4E-BE75-58CFC3D9EBF7} = {4BF2B86A-A13D-4559-BBA7-BAAF1AFEFD74}
		{EA0744C1-140C-43AA-AF48-72CBF4B92F8D} = {2044AD1D-9F5E-4F4E-BE75-58CFC3D9EBF7}
		{313E2A2B-5D89-479C-883C-A45A2F40BAB7} = {2044AD1D-9F5E-4F4E-BE75-58CFC3D9EBF7}
		{9A92BA62-8FB6-48DD-A52D-0BE9C09A2023} = {2044AD1D-9F5E-4F4E-BE75-58CFC3D9EBF7}
		{8A3EE3A4-9B97-49D2-A652-20C7AC2217AF} = {4BF2B86A-A13D-4559-BBA7-BAAF1AFEFD74}
		{5D03F587-40D3-4A1D-8BB2-B19B005A1C30} = {8A3EE3A4-9B97-49D2-A652-20C7AC2217AF}
		{2191D1A2-F730-4CD8-8EE0-C76BBA089663} = {8A3EE3A4-9B97-49D2-A652-20C7AC2217AF}
		{265FC77D-5B13-4E2E-8F9E-6A5CF81F592B} = {0EAFFCC3-9E78-4BA0-B9D4-E60B4BE6D43C}
	EndGlobalSection
	GlobalSection(ExtensibilityGlobals) = postSolution
		SolutionGuid = {AB464726-DB96-47C5-8B85-B5B072489AB1}
	EndGlobalSection
EndGlobal
